PODS:
  - ActiveLabel (0.7.1)
  - DateToolsSwift (2.0.3)
  - ESPullToRefresh (2.6)
  - Firebase/Core (4.0.4):
    - FirebaseAnalytics (= 4.0.2)
    - FirebaseCore (= 4.0.4)
  - Firebase/Database (4.0.4):
    - Firebase/Core
    - FirebaseDatabase (= 4.0.0)
  - Firebase/Storage (4.0.4):
    - Firebase/Core
    - FirebaseStorage (= 2.0.0)
  - FirebaseAnalytics (4.0.2):
    - FirebaseCore (~> 4.0)
    - FirebaseInstanceID (~> 2.0)
    - GoogleToolboxForMac/NSData+zlib (~> 2.1)
  - FirebaseAuth (4.0.0):
    - FirebaseAnalytics (~> 4.0)
    - GoogleToolboxForMac/NSDictionary+URLArguments (~> 2.1)
    - GTMSessionFetcher/Core (~> 1.1)
  - FirebaseCore (4.0.4):
    - GoogleToolboxForMac/NSData+zlib (~> 2.1)
    - nanopb (~> 0.3)
  - FirebaseDatabase (4.0.0):
    - FirebaseAnalytics (~> 4.0)
  - FirebaseInstanceID (2.0.0):
    - FirebaseCore (~> 4.0)
  - FirebaseStorage (2.0.0):
    - FirebaseAnalytics (~> 4.0)
    - FirebaseCore (~> 4.0)
    - GTMSessionFetcher/Core (~> 1.1)
  - Gallery (1.2.0)
  - GoogleToolboxForMac/DebugUtils (2.1.1):
    - GoogleToolboxForMac/Defines (= 2.1.1)
  - GoogleToolboxForMac/Defines (2.1.1)
  - GoogleToolboxForMac/NSData+zlib (2.1.1):
    - GoogleToolboxForMac/Defines (= 2.1.1)
  - GoogleToolboxForMac/NSDictionary+URLArguments (2.1.1):
    - GoogleToolboxForMac/DebugUtils (= 2.1.1)
    - GoogleToolboxForMac/Defines (= 2.1.1)
    - GoogleToolboxForMac/NSString+URLArguments (= 2.1.1)
  - GoogleToolboxForMac/NSString+URLArguments (2.1.1)
  - GTMSessionFetcher/Core (1.1.11)
  - Kingfisher (3.10.3)
  - KYCircularProgress (1.0.1)
  - MGSwipeTableCell (1.5.6)
  - nanopb (0.3.8):
    - nanopb/decode (= 0.3.8)
    - nanopb/encode (= 0.3.8)
  - nanopb/decode (0.3.8)
  - nanopb/encode (0.3.8)
  - ReadMoreTextView (2.0.0)
  - SVProgressHUD (2.1.2)
  - SwiftLint (0.20.1)

DEPENDENCIES:
  - ActiveLabel
  - DateToolsSwift
  - ESPullToRefresh
  - Firebase/Core
  - Firebase/Database
  - Firebase/Storage
  - FirebaseAuth
  - Gallery
  - Kingfisher (~> 3.0)
  - KYCircularProgress
  - MGSwipeTableCell
  - ReadMoreTextView
  - SVProgressHUD
  - SwiftLint

SPEC CHECKSUMS:
  ActiveLabel: 68625f22775f51c31bb691ca8de20f1e5a3bc825
  DateToolsSwift: bf69bf9056d9e53c5c03f06e51f219b9b8b02f9e
  ESPullToRefresh: 85f4990acf87f78c6a1466bbbee7a75d7de24db9
  Firebase: 1492bf04e1b73a7353b4fb2cf5a20bac9692f341
  FirebaseAnalytics: ad41720e3e67fc63fbe3d2948d3e26932a8de311
  FirebaseAuth: ebb6abcbabae00fc47446d690c19ce68d8484fde
  FirebaseCore: cfc042628ef9f20debe09c0eb683135fcd404cb4
  FirebaseDatabase: d829b3a8c3e2ac7a16773c5df226966b0805dfc2
  FirebaseInstanceID: 9fbf536668f4d3f0880e7438456dabd1376e294b
  FirebaseStorage: 8110a1ed2034c8fbfd83890d2acc9cdbbd99afec
  Gallery: 925b8133efa9d8fe933918f242b64110c6478b98
  GoogleToolboxForMac: 8e329f1b599f2512c6b10676d45736bcc2cbbeb0
  GTMSessionFetcher: 5ad62e8200fa00ed011fe5e08d27fef72c5b1429
  Kingfisher: a0ac82dc5bcf0388dd74b294cf2cc13730c63436
  KYCircularProgress: b782af0a68dd2032a4a523e722ec8d571c285cf2
  MGSwipeTableCell: 616700eb0ffd1c611ba909066cb7fd739790a0a7
  nanopb: 22bc080fa3955e2116b6ff3ee6c2cb3c15ab97cb
  ReadMoreTextView: aefb9ffe11922c87fd39a09a988d7cc74c8438ba
  SVProgressHUD: c404a55d78acbeb7ebb78b76d3faf986475a6994
  SwiftLint: f60095dc173a3f3ec505bb34f5229c3dfd779a54

PODFILE CHECKSUM: 707ba842297fef26d99ae628138b1e33d29412fd

COCOAPODS: 1.1.1
