PODS:
  - ActiveLabel (0.7.1)
  - DateToolsSwift (2.0.3)
  - ESPullToRefresh (2.6)
  - Firebase/Core (4.0.2):
    - FirebaseAnalytics (= 4.0.1)
    - FirebaseCore (= 4.0.2)
  - Firebase/Database (4.0.2):
    - Firebase/Core
    - FirebaseDatabase (= 4.0.0)
  - Firebase/Storage (4.0.2):
    - Firebase/Core
    - FirebaseStorage (= 2.0.0)
  - FirebaseAnalytics (4.0.1):
    - FirebaseCore (~> 4.0)
    - FirebaseInstanceID (~> 2.0)
    - GoogleToolboxForMac/NSData+zlib (~> 2.1)
  - FirebaseAuth (4.0.0):
    - FirebaseAnalytics (~> 4.0)
    - GoogleToolboxForMac/NSDictionary+URLArguments (~> 2.1)
    - GTMSessionFetcher/Core (~> 1.1)
  - FirebaseCore (4.0.2):
    - GoogleToolboxForMac/NSData+zlib (~> 2.1)
  - FirebaseDatabase (4.0.0):
    - FirebaseAnalytics (~> 4.0)
  - FirebaseInstanceID (2.0.0):
    - FirebaseCore (~> 4.0)
  - FirebaseStorage (2.0.0):
    - FirebaseAnalytics (~> 4.0)
    - FirebaseCore (~> 4.0)
    - GTMSessionFetcher/Core (~> 1.1)
  - GoogleToolboxForMac/DebugUtils (2.1.1):
    - GoogleToolboxForMac/Defines (= 2.1.1)
  - GoogleToolboxForMac/Defines (2.1.1)
  - GoogleToolboxForMac/NSData+zlib (2.1.1):
    - GoogleToolboxForMac/Defines (= 2.1.1)
  - GoogleToolboxForMac/NSDictionary+URLArguments (2.1.1):
    - GoogleToolboxForMac/DebugUtils (= 2.1.1)
    - GoogleToolboxForMac/Defines (= 2.1.1)
    - GoogleToolboxForMac/NSString+URLArguments (= 2.1.1)
  - GoogleToolboxForMac/NSString+URLArguments (2.1.1)
  - GTMSessionFetcher/Core (1.1.10)
  - Kingfisher (3.10.2)
  - KYCircularProgress (1.0.1)
  - MGSwipeTableCell (1.5.6)
  - SVProgressHUD (2.1.2)
  - SwiftLint (0.20.0)

DEPENDENCIES:
  - ActiveLabel
  - DateToolsSwift
  - ESPullToRefresh
  - Firebase/Core
  - Firebase/Database
  - Firebase/Storage
  - FirebaseAuth
  - Kingfisher (~> 3.0)
  - KYCircularProgress
  - MGSwipeTableCell
  - SVProgressHUD
  - SwiftLint

SPEC CHECKSUMS:
  ActiveLabel: 68625f22775f51c31bb691ca8de20f1e5a3bc825
  DateToolsSwift: bf69bf9056d9e53c5c03f06e51f219b9b8b02f9e
  ESPullToRefresh: 85f4990acf87f78c6a1466bbbee7a75d7de24db9
  Firebase: c7ad0731eab26d18a3fc547dd048b0f7cd9c63ae
  FirebaseAnalytics: 4d7040fefc3cd8b291cde35f12cf063d7963f15d
  FirebaseAuth: ebb6abcbabae00fc47446d690c19ce68d8484fde
  FirebaseCore: 1a8bf6c795ad07d2918278657954ffd2552e9c17
  FirebaseDatabase: d829b3a8c3e2ac7a16773c5df226966b0805dfc2
  FirebaseInstanceID: 9fbf536668f4d3f0880e7438456dabd1376e294b
  FirebaseStorage: 8110a1ed2034c8fbfd83890d2acc9cdbbd99afec
  GoogleToolboxForMac: 8e329f1b599f2512c6b10676d45736bcc2cbbeb0
  GTMSessionFetcher: 30d874b96d0d76028f61fbd122801e3f030d47db
  Kingfisher: 7297492bf8cec9b2e2dee3519f2219948580d98e
  KYCircularProgress: b782af0a68dd2032a4a523e722ec8d571c285cf2
  MGSwipeTableCell: 616700eb0ffd1c611ba909066cb7fd739790a0a7
  SVProgressHUD: c404a55d78acbeb7ebb78b76d3faf986475a6994
  SwiftLint: 3f7543509c931d1291395335f34e245d3919b7f2

PODFILE CHECKSUM: c04910a0b6d125158286d3d64e7124fd51102821

COCOAPODS: 1.1.1
