// !$*UTF8*$!
{
	archiveVersion = 1;
	classes = {
	};
	objectVersion = 46;
	objects = {

/* Begin PBXBuildFile section */
		731AD27307E50B3192B4422B /* Pods_SpotMapTests.framework in Frameworks */ = {isa = PBXBuildFile; fileRef = 8DC2E8B7664A1FF904F1D3C9 /* Pods_SpotMapTests.framework */; };
		7E70B15F5DAC197C3216DA6E /* Pods_SpotMapUITests.framework in Frameworks */ = {isa = PBXBuildFile; fileRef = 36EFE0AF727D03D36C374021 /* Pods_SpotMapUITests.framework */; };
		9F0AC5841E898412007ABD55 /* grayRec.jpg in Resources */ = {isa = PBXBuildFile; fileRef = 9F0AC5831E898412007ABD55 /* grayRec.jpg */; };
		9F0AC5861E8C5138007ABD55 /* ForUpdatingUserProfilePosts.swift in Sources */ = {isa = PBXBuildFile; fileRef = 9F0AC5851E8C5138007ABD55 /* ForUpdatingUserProfilePosts.swift */; };
		9F0AC5881E8DA3F9007ABD55 /* PleaseWaitTxt.gif in Resources */ = {isa = PBXBuildFile; fileRef = 9F0AC5871E8DA3F9007ABD55 /* PleaseWaitTxt.gif */; };
		9F212A2D1E802873003D5A8F /* EditedUserInfoDelegate.swift in Sources */ = {isa = PBXBuildFile; fileRef = 9F212A2C1E802873003D5A8F /* EditedUserInfoDelegate.swift */; };
		9F2979001E9037090051EF5F /* CommentariesController.swift in Sources */ = {isa = PBXBuildFile; fileRef = 9F2978FF1E9037090051EF5F /* CommentariesController.swift */; };
		9F2979021E903BDC0051EF5F /* CommentItem.swift in Sources */ = {isa = PBXBuildFile; fileRef = 9F2979011E903BDC0051EF5F /* CommentItem.swift */; };
		9F2BFEEC1E9105D3005FEF0C /* CommentCell.swift in Sources */ = {isa = PBXBuildFile; fileRef = 9F2BFEEB1E9105D3005FEF0C /* CommentCell.swift */; };
		9F49EB301E688718007ADAD1 /* SpotDetailsItem.swift in Sources */ = {isa = PBXBuildFile; fileRef = 9F49EB2F1E688718007ADAD1 /* SpotDetailsItem.swift */; };
		9F4A84331E5F3D8400C1E5F2 /* ButtonPlus.png in Resources */ = {isa = PBXBuildFile; fileRef = 9F4A84321E5F3D8400C1E5F2 /* ButtonPlus.png */; };
		9F4A84371E5F3ED000C1E5F2 /* ButtonLogout.png in Resources */ = {isa = PBXBuildFile; fileRef = 9F4A84361E5F3ED000C1E5F2 /* ButtonLogout.png */; };
		9F4A843F1E62F16C00C1E5F2 /* EditProfileController.swift in Sources */ = {isa = PBXBuildFile; fileRef = 9F4A843E1E62F16C00C1E5F2 /* EditProfileController.swift */; };
		9F4A84411E62F4C100C1E5F2 /* UserProfileController.swift in Sources */ = {isa = PBXBuildFile; fileRef = 9F4A84401E62F4C100C1E5F2 /* UserProfileController.swift */; };
		9F4A84431E62F4FB00C1E5F2 /* RidersProfileCollectionViewCell.swift in Sources */ = {isa = PBXBuildFile; fileRef = 9F4A84421E62F4FB00C1E5F2 /* RidersProfileCollectionViewCell.swift */; };
		9F4A84451E62F58700C1E5F2 /* EditProfileCell.swift in Sources */ = {isa = PBXBuildFile; fileRef = 9F4A84441E62F58700C1E5F2 /* EditProfileCell.swift */; };
		9F4A84471E63229E00C1E5F2 /* login.png in Resources */ = {isa = PBXBuildFile; fileRef = 9F4A84461E63229E00C1E5F2 /* login.png */; };
		9F4A84491E6329D100C1E5F2 /* biography.png in Resources */ = {isa = PBXBuildFile; fileRef = 9F4A84481E6329D100C1E5F2 /* biography.png */; };
		9F4A844B1E632A3400C1E5F2 /* email.ico in Resources */ = {isa = PBXBuildFile; fileRef = 9F4A844A1E632A3400C1E5F2 /* email.ico */; };
		9F4A844D1E632AE800C1E5F2 /* nameAndSename.png in Resources */ = {isa = PBXBuildFile; fileRef = 9F4A844C1E632AE800C1E5F2 /* nameAndSename.png */; };
		9F5609811E7C6A630000DB21 /* PostItem.swift in Sources */ = {isa = PBXBuildFile; fileRef = 9F5609801E7C6A630000DB21 /* PostItem.swift */; };
		9F5609831E7C6B700000DB21 /* PostItemCellCache.swift in Sources */ = {isa = PBXBuildFile; fileRef = 9F5609821E7C6B700000DB21 /* PostItemCellCache.swift */; };
		9F5609851E7C6BB50000DB21 /* PostsCell.swift in Sources */ = {isa = PBXBuildFile; fileRef = 9F5609841E7C6BB50000DB21 /* PostsCell.swift */; };
		9F5609871E7C8C990000DB21 /* PostsStripController.swift in Sources */ = {isa = PBXBuildFile; fileRef = 9F5609861E7C8C990000DB21 /* PostsStripController.swift */; };
		9F57A2F91E9126C000F9AEF5 /* NSObject+IGListDiffable.swift in Sources */ = {isa = PBXBuildFile; fileRef = 9F57A2F81E9126C000F9AEF5 /* NSObject+IGListDiffable.swift */; };
		9F6163471E7E89C1001664B7 /* no_photo.png in Resources */ = {isa = PBXBuildFile; fileRef = 9F6163461E7E89C1001664B7 /* no_photo.png */; };
		9F65321C1E3CD12700F58C18 /* Assets.xcassets in Resources */ = {isa = PBXBuildFile; fileRef = 9F65321B1E3CD12700F58C18 /* Assets.xcassets */; };
		9F73B09E1E6A0E490049563A /* UserItem.swift in Sources */ = {isa = PBXBuildFile; fileRef = 9F73B09D1E6A0E490049563A /* UserItem.swift */; };
		9F943EE91E6F041300709B79 /* LikeItem.swift in Sources */ = {isa = PBXBuildFile; fileRef = 9F943EE81E6F041300709B79 /* LikeItem.swift */; };
		9FAE8C201E7E849200BB10B9 /* UIScrollView+EmptyDataSet.m in Sources */ = {isa = PBXBuildFile; fileRef = 9FAE8C1F1E7E849200BB10B9 /* UIScrollView+EmptyDataSet.m */; };
		9FB681B61E2E70CE00D9A436 /* AppDelegate.swift in Sources */ = {isa = PBXBuildFile; fileRef = 9FB681B51E2E70CE00D9A436 /* AppDelegate.swift */; };
		9FB681C01E2E70CE00D9A436 /* LaunchScreen.storyboard in Resources */ = {isa = PBXBuildFile; fileRef = 9FB681BE1E2E70CE00D9A436 /* LaunchScreen.storyboard */; };
		9FB681CB1E2E70CE00D9A436 /* SpotMapTests.swift in Sources */ = {isa = PBXBuildFile; fileRef = 9FB681CA1E2E70CE00D9A436 /* SpotMapTests.swift */; };
		9FB681D61E2E70CE00D9A436 /* SpotMapUITests.swift in Sources */ = {isa = PBXBuildFile; fileRef = 9FB681D51E2E70CE00D9A436 /* SpotMapUITests.swift */; };
		9FBCFAE41E6F248C00A5C95D /* GoogleService-Info.plist in Resources */ = {isa = PBXBuildFile; fileRef = 9FBCFAE31E6F248C00A5C95D /* GoogleService-Info.plist */; };
		9FBCFAE81E73445900A5C95D /* ImageManipulations.swift in Sources */ = {isa = PBXBuildFile; fileRef = 9FBCFAE71E73445900A5C95D /* ImageManipulations.swift */; };
		9FC14FCF1E48E5E30097579B /* LoginController.swift in Sources */ = {isa = PBXBuildFile; fileRef = 9FC14FC91E48E5E30097579B /* LoginController.swift */; };
		9FC14FD01E48E5E30097579B /* MainFormController.swift in Sources */ = {isa = PBXBuildFile; fileRef = 9FC14FCA1E48E5E30097579B /* MainFormController.swift */; };
		9FC14FD11E48E5E30097579B /* NewPostController.swift in Sources */ = {isa = PBXBuildFile; fileRef = 9FC14FCB1E48E5E30097579B /* NewPostController.swift */; };
		9FC14FD21E48E5E30097579B /* NewSpotController.swift in Sources */ = {isa = PBXBuildFile; fileRef = 9FC14FCC1E48E5E30097579B /* NewSpotController.swift */; };
		9FC14FD31E48E5E30097579B /* RegistrationController.swift in Sources */ = {isa = PBXBuildFile; fileRef = 9FC14FCD1E48E5E30097579B /* RegistrationController.swift */; };
		9FC14FD61E48E7300097579B /* plus-512.gif in Resources */ = {isa = PBXBuildFile; fileRef = 9FC14FD51E48E7300097579B /* plus-512.gif */; };
		9FC14FDE1E48E7690097579B /* CustomPin.swift in Sources */ = {isa = PBXBuildFile; fileRef = 9FC14FDB1E48E7690097579B /* CustomPin.swift */; };
		9FD648D41E54587800C673CA /* RidersProfileController.swift in Sources */ = {isa = PBXBuildFile; fileRef = 9FD648D31E54587800C673CA /* RidersProfileController.swift */; };
		9FD648DC1E573F0600C673CA /* Main.storyboard in Resources */ = {isa = PBXBuildFile; fileRef = 9FD648DB1E573F0600C673CA /* Main.storyboard */; };
		9FD648DE1E57C1A100C673CA /* PostInfoViewController.swift in Sources */ = {isa = PBXBuildFile; fileRef = 9FD648DD1E57C1A100C673CA /* PostInfoViewController.swift */; };
		9FF1BF6C1E9D448500A2CEF2 /* CommentsModel.swift in Sources */ = {isa = PBXBuildFile; fileRef = 9FF1BF6B1E9D448500A2CEF2 /* CommentsModel.swift */; };
		9FF1BF701E9D707400A2CEF2 /* UserModel.swift in Sources */ = {isa = PBXBuildFile; fileRef = 9FF1BF6F1E9D707400A2CEF2 /* UserModel.swift */; };
		9FF1BF721E9E801F00A2CEF2 /* UserMainPhotoModel.swift in Sources */ = {isa = PBXBuildFile; fileRef = 9FF1BF711E9E801F00A2CEF2 /* UserMainPhotoModel.swift */; };
		9FFB14F61E7848F600D10620 /* FollowersController.swift in Sources */ = {isa = PBXBuildFile; fileRef = 9FFB14F51E7848F600D10620 /* FollowersController.swift */; };
		9FFB14F81E784E4B00D10620 /* FollowersCell.swift in Sources */ = {isa = PBXBuildFile; fileRef = 9FFB14F71E784E4B00D10620 /* FollowersCell.swift */; };
		AFCFACF65E8F27FB2D21FBFE /* Pods_SpotMap.framework in Frameworks */ = {isa = PBXBuildFile; fileRef = 3E9F13B08B134BD527AC18F2 /* Pods_SpotMap.framework */; };
/* End PBXBuildFile section */

/* Begin PBXContainerItemProxy section */
		9FB681C71E2E70CE00D9A436 /* PBXContainerItemProxy */ = {
			isa = PBXContainerItemProxy;
			containerPortal = 9FB681AA1E2E70CD00D9A436 /* Project object */;
			proxyType = 1;
			remoteGlobalIDString = 9FB681B11E2E70CD00D9A436;
			remoteInfo = SpotMap;
		};
		9FB681D21E2E70CE00D9A436 /* PBXContainerItemProxy */ = {
			isa = PBXContainerItemProxy;
			containerPortal = 9FB681AA1E2E70CD00D9A436 /* Project object */;
			proxyType = 1;
			remoteGlobalIDString = 9FB681B11E2E70CD00D9A436;
			remoteInfo = SpotMap;
		};
/* End PBXContainerItemProxy section */

/* Begin PBXFileReference section */
		0CC49846815FAA415F97412D /* Pods-SpotMapUITests.release.xcconfig */ = {isa = PBXFileReference; includeInIndex = 1; lastKnownFileType = text.xcconfig; name = "Pods-SpotMapUITests.release.xcconfig"; path = "Pods/Target Support Files/Pods-SpotMapUITests/Pods-SpotMapUITests.release.xcconfig"; sourceTree = "<group>"; };
		36EFE0AF727D03D36C374021 /* Pods_SpotMapUITests.framework */ = {isa = PBXFileReference; explicitFileType = wrapper.framework; includeInIndex = 0; path = Pods_SpotMapUITests.framework; sourceTree = BUILT_PRODUCTS_DIR; };
		3E9F13B08B134BD527AC18F2 /* Pods_SpotMap.framework */ = {isa = PBXFileReference; explicitFileType = wrapper.framework; includeInIndex = 0; path = Pods_SpotMap.framework; sourceTree = BUILT_PRODUCTS_DIR; };
		457C1210DCD309EF27E34E6D /* Pods-SpotMapTests.debug.xcconfig */ = {isa = PBXFileReference; includeInIndex = 1; lastKnownFileType = text.xcconfig; name = "Pods-SpotMapTests.debug.xcconfig"; path = "Pods/Target Support Files/Pods-SpotMapTests/Pods-SpotMapTests.debug.xcconfig"; sourceTree = "<group>"; };
		48E9C9E26DA909E14DE43D03 /* Pods-SpotMapUITests.debug.xcconfig */ = {isa = PBXFileReference; includeInIndex = 1; lastKnownFileType = text.xcconfig; name = "Pods-SpotMapUITests.debug.xcconfig"; path = "Pods/Target Support Files/Pods-SpotMapUITests/Pods-SpotMapUITests.debug.xcconfig"; sourceTree = "<group>"; };
		5A752A6ABE4F4F31D015688F /* Pods-SpotMap.debug.xcconfig */ = {isa = PBXFileReference; includeInIndex = 1; lastKnownFileType = text.xcconfig; name = "Pods-SpotMap.debug.xcconfig"; path = "Pods/Target Support Files/Pods-SpotMap/Pods-SpotMap.debug.xcconfig"; sourceTree = "<group>"; };
		8580589E3175367EF665865F /* Pods-SpotMap.release.xcconfig */ = {isa = PBXFileReference; includeInIndex = 1; lastKnownFileType = text.xcconfig; name = "Pods-SpotMap.release.xcconfig"; path = "Pods/Target Support Files/Pods-SpotMap/Pods-SpotMap.release.xcconfig"; sourceTree = "<group>"; };
		8DC2E8B7664A1FF904F1D3C9 /* Pods_SpotMapTests.framework */ = {isa = PBXFileReference; explicitFileType = wrapper.framework; includeInIndex = 0; path = Pods_SpotMapTests.framework; sourceTree = BUILT_PRODUCTS_DIR; };
		9F0AC5831E898412007ABD55 /* grayRec.jpg */ = {isa = PBXFileReference; lastKnownFileType = image.jpeg; name = grayRec.jpg; path = Pictures/grayRec.jpg; sourceTree = "<group>"; };
		9F0AC5851E8C5138007ABD55 /* ForUpdatingUserProfilePosts.swift */ = {isa = PBXFileReference; fileEncoding = 4; lastKnownFileType = sourcecode.swift; name = ForUpdatingUserProfilePosts.swift; path = Protocols/ForUpdatingUserProfilePosts.swift; sourceTree = "<group>"; };
		9F0AC5871E8DA3F9007ABD55 /* PleaseWaitTxt.gif */ = {isa = PBXFileReference; lastKnownFileType = image.gif; name = PleaseWaitTxt.gif; path = Pictures/PleaseWaitTxt.gif; sourceTree = "<group>"; };
		9F212A2C1E802873003D5A8F /* EditedUserInfoDelegate.swift */ = {isa = PBXFileReference; fileEncoding = 4; lastKnownFileType = sourcecode.swift; name = EditedUserInfoDelegate.swift; path = Protocols/EditedUserInfoDelegate.swift; sourceTree = "<group>"; };
		9F2978FF1E9037090051EF5F /* CommentariesController.swift */ = {isa = PBXFileReference; fileEncoding = 4; lastKnownFileType = sourcecode.swift; name = CommentariesController.swift; path = Controllers/CommentariesController.swift; sourceTree = "<group>"; };
		9F2979011E903BDC0051EF5F /* CommentItem.swift */ = {isa = PBXFileReference; fileEncoding = 4; lastKnownFileType = sourcecode.swift; name = CommentItem.swift; path = Data/CommentItem.swift; sourceTree = "<group>"; };
		9F2BFEEB1E9105D3005FEF0C /* CommentCell.swift */ = {isa = PBXFileReference; fileEncoding = 4; lastKnownFileType = sourcecode.swift; name = CommentCell.swift; path = CustomUIElements/CommentCell.swift; sourceTree = "<group>"; };
		9F49EB2F1E688718007ADAD1 /* SpotDetailsItem.swift */ = {isa = PBXFileReference; fileEncoding = 4; lastKnownFileType = sourcecode.swift; name = SpotDetailsItem.swift; path = Data/SpotDetailsItem.swift; sourceTree = "<group>"; };
		9F4A84321E5F3D8400C1E5F2 /* ButtonPlus.png */ = {isa = PBXFileReference; lastKnownFileType = image.png; name = ButtonPlus.png; path = Pictures/ButtonPlus.png; sourceTree = "<group>"; };
		9F4A84361E5F3ED000C1E5F2 /* ButtonLogout.png */ = {isa = PBXFileReference; lastKnownFileType = image.png; name = ButtonLogout.png; path = Pictures/ButtonLogout.png; sourceTree = "<group>"; };
		9F4A843E1E62F16C00C1E5F2 /* EditProfileController.swift */ = {isa = PBXFileReference; fileEncoding = 4; lastKnownFileType = sourcecode.swift; name = EditProfileController.swift; path = Controllers/EditProfileController.swift; sourceTree = "<group>"; };
		9F4A84401E62F4C100C1E5F2 /* UserProfileController.swift */ = {isa = PBXFileReference; fileEncoding = 4; lastKnownFileType = sourcecode.swift; name = UserProfileController.swift; path = Controllers/UserProfileController.swift; sourceTree = "<group>"; };
		9F4A84421E62F4FB00C1E5F2 /* RidersProfileCollectionViewCell.swift */ = {isa = PBXFileReference; fileEncoding = 4; lastKnownFileType = sourcecode.swift; name = RidersProfileCollectionViewCell.swift; path = CustomUIElements/RidersProfileCollectionViewCell.swift; sourceTree = "<group>"; };
		9F4A84441E62F58700C1E5F2 /* EditProfileCell.swift */ = {isa = PBXFileReference; fileEncoding = 4; lastKnownFileType = sourcecode.swift; name = EditProfileCell.swift; path = CustomUIElements/EditProfileCell.swift; sourceTree = "<group>"; };
		9F4A84461E63229E00C1E5F2 /* login.png */ = {isa = PBXFileReference; lastKnownFileType = image.png; name = login.png; path = Pictures/login.png; sourceTree = "<group>"; };
		9F4A84481E6329D100C1E5F2 /* biography.png */ = {isa = PBXFileReference; lastKnownFileType = image.png; name = biography.png; path = Pictures/biography.png; sourceTree = "<group>"; };
		9F4A844A1E632A3400C1E5F2 /* email.ico */ = {isa = PBXFileReference; lastKnownFileType = image.ico; name = email.ico; path = Pictures/email.ico; sourceTree = "<group>"; };
		9F4A844C1E632AE800C1E5F2 /* nameAndSename.png */ = {isa = PBXFileReference; lastKnownFileType = image.png; name = nameAndSename.png; path = Pictures/nameAndSename.png; sourceTree = "<group>"; };
		9F5609801E7C6A630000DB21 /* PostItem.swift */ = {isa = PBXFileReference; fileEncoding = 4; lastKnownFileType = sourcecode.swift; name = PostItem.swift; path = Data/PostItem.swift; sourceTree = "<group>"; };
		9F5609821E7C6B700000DB21 /* PostItemCellCache.swift */ = {isa = PBXFileReference; fileEncoding = 4; lastKnownFileType = sourcecode.swift; name = PostItemCellCache.swift; path = Core/PostItemCellCache.swift; sourceTree = "<group>"; };
		9F5609841E7C6BB50000DB21 /* PostsCell.swift */ = {isa = PBXFileReference; fileEncoding = 4; lastKnownFileType = sourcecode.swift; name = PostsCell.swift; path = CustomUIElements/PostsCell.swift; sourceTree = "<group>"; };
		9F5609861E7C8C990000DB21 /* PostsStripController.swift */ = {isa = PBXFileReference; fileEncoding = 4; lastKnownFileType = sourcecode.swift; name = PostsStripController.swift; path = Controllers/PostsStripController.swift; sourceTree = "<group>"; };
		9F5609891E7D43990000DB21 /* 1489850825_Home.ico */ = {isa = PBXFileReference; lastKnownFileType = image.ico; path = 1489850825_Home.ico; sourceTree = "<group>"; };
		9F57A2F81E9126C000F9AEF5 /* NSObject+IGListDiffable.swift */ = {isa = PBXFileReference; fileEncoding = 4; lastKnownFileType = sourcecode.swift; name = "NSObject+IGListDiffable.swift"; path = "CustomUIElements/NSObject+IGListDiffable.swift"; sourceTree = "<group>"; };
		9F6163461E7E89C1001664B7 /* no_photo.png */ = {isa = PBXFileReference; lastKnownFileType = image.png; name = no_photo.png; path = Pictures/no_photo.png; sourceTree = "<group>"; };
		9F65321B1E3CD12700F58C18 /* Assets.xcassets */ = {isa = PBXFileReference; lastKnownFileType = folder.assetcatalog; path = Assets.xcassets; sourceTree = "<group>"; };
		9F73B09D1E6A0E490049563A /* UserItem.swift */ = {isa = PBXFileReference; fileEncoding = 4; lastKnownFileType = sourcecode.swift; name = UserItem.swift; path = Data/UserItem.swift; sourceTree = "<group>"; };
		9F943EE81E6F041300709B79 /* LikeItem.swift */ = {isa = PBXFileReference; fileEncoding = 4; lastKnownFileType = sourcecode.swift; name = LikeItem.swift; path = Data/LikeItem.swift; sourceTree = "<group>"; };
		9FAE8C1E1E7E849200BB10B9 /* UIScrollView+EmptyDataSet.h */ = {isa = PBXFileReference; fileEncoding = 4; lastKnownFileType = sourcecode.c.h; name = "UIScrollView+EmptyDataSet.h"; path = "Some Obj-C frameworks/UIScrollView+EmptyDataSet.h"; sourceTree = "<group>"; };
		9FAE8C1F1E7E849200BB10B9 /* UIScrollView+EmptyDataSet.m */ = {isa = PBXFileReference; fileEncoding = 4; lastKnownFileType = sourcecode.c.objc; name = "UIScrollView+EmptyDataSet.m"; path = "Some Obj-C frameworks/UIScrollView+EmptyDataSet.m"; sourceTree = "<group>"; };
		9FB681B21E2E70CE00D9A436 /* SpotMap.app */ = {isa = PBXFileReference; explicitFileType = wrapper.application; includeInIndex = 0; path = SpotMap.app; sourceTree = BUILT_PRODUCTS_DIR; };
		9FB681B51E2E70CE00D9A436 /* AppDelegate.swift */ = {isa = PBXFileReference; lastKnownFileType = sourcecode.swift; path = AppDelegate.swift; sourceTree = "<group>"; };
		9FB681BF1E2E70CE00D9A436 /* Base */ = {isa = PBXFileReference; lastKnownFileType = file.storyboard; name = Base; path = Base.lproj/LaunchScreen.storyboard; sourceTree = "<group>"; };
		9FB681C11E2E70CE00D9A436 /* Info.plist */ = {isa = PBXFileReference; lastKnownFileType = text.plist.xml; path = Info.plist; sourceTree = "<group>"; };
		9FB681C61E2E70CE00D9A436 /* SpotMapTests.xctest */ = {isa = PBXFileReference; explicitFileType = wrapper.cfbundle; includeInIndex = 0; path = SpotMapTests.xctest; sourceTree = BUILT_PRODUCTS_DIR; };
		9FB681CA1E2E70CE00D9A436 /* SpotMapTests.swift */ = {isa = PBXFileReference; lastKnownFileType = sourcecode.swift; path = SpotMapTests.swift; sourceTree = "<group>"; };
		9FB681CC1E2E70CE00D9A436 /* Info.plist */ = {isa = PBXFileReference; lastKnownFileType = text.plist.xml; path = Info.plist; sourceTree = "<group>"; };
		9FB681D11E2E70CE00D9A436 /* SpotMapUITests.xctest */ = {isa = PBXFileReference; explicitFileType = wrapper.cfbundle; includeInIndex = 0; path = SpotMapUITests.xctest; sourceTree = BUILT_PRODUCTS_DIR; };
		9FB681D51E2E70CE00D9A436 /* SpotMapUITests.swift */ = {isa = PBXFileReference; lastKnownFileType = sourcecode.swift; path = SpotMapUITests.swift; sourceTree = "<group>"; };
		9FB681D71E2E70CE00D9A436 /* Info.plist */ = {isa = PBXFileReference; lastKnownFileType = text.plist.xml; path = Info.plist; sourceTree = "<group>"; };
		9FBCFAE31E6F248C00A5C95D /* GoogleService-Info.plist */ = {isa = PBXFileReference; fileEncoding = 4; lastKnownFileType = text.plist.xml; path = "GoogleService-Info.plist"; sourceTree = "<group>"; };
		9FBCFAE71E73445900A5C95D /* ImageManipulations.swift */ = {isa = PBXFileReference; fileEncoding = 4; lastKnownFileType = sourcecode.swift; name = ImageManipulations.swift; path = CustomUIElements/ImageManipulations.swift; sourceTree = "<group>"; };
		9FC14FC91E48E5E30097579B /* LoginController.swift */ = {isa = PBXFileReference; fileEncoding = 4; lastKnownFileType = sourcecode.swift; name = LoginController.swift; path = Controllers/LoginController.swift; sourceTree = "<group>"; };
		9FC14FCA1E48E5E30097579B /* MainFormController.swift */ = {isa = PBXFileReference; fileEncoding = 4; lastKnownFileType = sourcecode.swift; name = MainFormController.swift; path = Controllers/MainFormController.swift; sourceTree = "<group>"; };
		9FC14FCB1E48E5E30097579B /* NewPostController.swift */ = {isa = PBXFileReference; fileEncoding = 4; lastKnownFileType = sourcecode.swift; name = NewPostController.swift; path = Controllers/NewPostController.swift; sourceTree = "<group>"; };
		9FC14FCC1E48E5E30097579B /* NewSpotController.swift */ = {isa = PBXFileReference; fileEncoding = 4; lastKnownFileType = sourcecode.swift; name = NewSpotController.swift; path = Controllers/NewSpotController.swift; sourceTree = "<group>"; };
		9FC14FCD1E48E5E30097579B /* RegistrationController.swift */ = {isa = PBXFileReference; fileEncoding = 4; lastKnownFileType = sourcecode.swift; name = RegistrationController.swift; path = Controllers/RegistrationController.swift; sourceTree = "<group>"; };
		9FC14FD51E48E7300097579B /* plus-512.gif */ = {isa = PBXFileReference; lastKnownFileType = image.gif; name = "plus-512.gif"; path = "Pictures/plus-512.gif"; sourceTree = "<group>"; };
		9FC14FDB1E48E7690097579B /* CustomPin.swift */ = {isa = PBXFileReference; fileEncoding = 4; lastKnownFileType = sourcecode.swift; name = CustomPin.swift; path = CustomUIElements/CustomPin.swift; sourceTree = "<group>"; };
		9FD648D31E54587800C673CA /* RidersProfileController.swift */ = {isa = PBXFileReference; fileEncoding = 4; lastKnownFileType = sourcecode.swift; name = RidersProfileController.swift; path = Controllers/RidersProfileController.swift; sourceTree = "<group>"; };
		9FD648DB1E573F0600C673CA /* Main.storyboard */ = {isa = PBXFileReference; fileEncoding = 4; lastKnownFileType = file.storyboard; path = Main.storyboard; sourceTree = "<group>"; };
		9FD648DD1E57C1A100C673CA /* PostInfoViewController.swift */ = {isa = PBXFileReference; fileEncoding = 4; lastKnownFileType = sourcecode.swift; name = PostInfoViewController.swift; path = Controllers/PostInfoViewController.swift; sourceTree = "<group>"; };
		9FF1BF641E9C1D5C00A2CEF2 /* SpotMap-Bridging-Header.h */ = {isa = PBXFileReference; fileEncoding = 4; lastKnownFileType = sourcecode.c.h; name = "SpotMap-Bridging-Header.h"; path = "Some Obj-C frameworks/SpotMap-Bridging-Header.h"; sourceTree = "<group>"; };
		9FF1BF6B1E9D448500A2CEF2 /* CommentsModel.swift */ = {isa = PBXFileReference; fileEncoding = 4; lastKnownFileType = sourcecode.swift; name = CommentsModel.swift; path = Model/DataBase/CommentsModel.swift; sourceTree = "<group>"; };
		9FF1BF6F1E9D707400A2CEF2 /* UserModel.swift */ = {isa = PBXFileReference; fileEncoding = 4; lastKnownFileType = sourcecode.swift; name = UserModel.swift; path = Model/DataBase/UserModel.swift; sourceTree = "<group>"; };
		9FF1BF711E9E801F00A2CEF2 /* UserMainPhotoModel.swift */ = {isa = PBXFileReference; fileEncoding = 4; lastKnownFileType = sourcecode.swift; name = UserMainPhotoModel.swift; path = Model/Storage/UserMainPhotoModel.swift; sourceTree = "<group>"; };
		9FFB14F51E7848F600D10620 /* FollowersController.swift */ = {isa = PBXFileReference; fileEncoding = 4; lastKnownFileType = sourcecode.swift; name = FollowersController.swift; path = Controllers/FollowersController.swift; sourceTree = "<group>"; };
		9FFB14F71E784E4B00D10620 /* FollowersCell.swift */ = {isa = PBXFileReference; fileEncoding = 4; lastKnownFileType = sourcecode.swift; name = FollowersCell.swift; path = CustomUIElements/FollowersCell.swift; sourceTree = "<group>"; };
		C951A5B7F97A865607FB2FE0 /* Pods-SpotMapTests.release.xcconfig */ = {isa = PBXFileReference; includeInIndex = 1; lastKnownFileType = text.xcconfig; name = "Pods-SpotMapTests.release.xcconfig"; path = "Pods/Target Support Files/Pods-SpotMapTests/Pods-SpotMapTests.release.xcconfig"; sourceTree = "<group>"; };
/* End PBXFileReference section */

/* Begin PBXFrameworksBuildPhase section */
		9FB681AF1E2E70CD00D9A436 /* Frameworks */ = {
			isa = PBXFrameworksBuildPhase;
			buildActionMask = 2147483647;
			files = (
				AFCFACF65E8F27FB2D21FBFE /* Pods_SpotMap.framework in Frameworks */,
			);
			runOnlyForDeploymentPostprocessing = 0;
		};
		9FB681C31E2E70CE00D9A436 /* Frameworks */ = {
			isa = PBXFrameworksBuildPhase;
			buildActionMask = 2147483647;
			files = (
				731AD27307E50B3192B4422B /* Pods_SpotMapTests.framework in Frameworks */,
			);
			runOnlyForDeploymentPostprocessing = 0;
		};
		9FB681CE1E2E70CE00D9A436 /* Frameworks */ = {
			isa = PBXFrameworksBuildPhase;
			buildActionMask = 2147483647;
			files = (
				7E70B15F5DAC197C3216DA6E /* Pods_SpotMapUITests.framework in Frameworks */,
			);
			runOnlyForDeploymentPostprocessing = 0;
		};
/* End PBXFrameworksBuildPhase section */

/* Begin PBXGroup section */
		7ED1CDD97CD568D69F05C5BA /* Frameworks */ = {
			isa = PBXGroup;
			children = (
				3E9F13B08B134BD527AC18F2 /* Pods_SpotMap.framework */,
				8DC2E8B7664A1FF904F1D3C9 /* Pods_SpotMapTests.framework */,
				36EFE0AF727D03D36C374021 /* Pods_SpotMapUITests.framework */,
			);
			name = Frameworks;
			sourceTree = "<group>";
		};
		9F113EB71E32A4D3009AF9FD /* Data */ = {
			isa = PBXGroup;
			children = (
				9F5609801E7C6A630000DB21 /* PostItem.swift */,
				9F49EB2F1E688718007ADAD1 /* SpotDetailsItem.swift */,
				9F943EE81E6F041300709B79 /* LikeItem.swift */,
				9F73B09D1E6A0E490049563A /* UserItem.swift */,
				9F2979011E903BDC0051EF5F /* CommentItem.swift */,
			);
			name = Data;
			sourceTree = "<group>";
		};
		9F212A291E802810003D5A8F /* Protocols */ = {
			isa = PBXGroup;
			children = (
				9F212A2C1E802873003D5A8F /* EditedUserInfoDelegate.swift */,
				9F0AC5851E8C5138007ABD55 /* ForUpdatingUserProfilePosts.swift */,
			);
			name = Protocols;
			sourceTree = "<group>";
		};
		9F2380721E34DA20009D41E8 /* Pictures */ = {
			isa = PBXGroup;
			children = (
				9F0AC5871E8DA3F9007ABD55 /* PleaseWaitTxt.gif */,
				9F0AC5831E898412007ABD55 /* grayRec.jpg */,
				9F6163461E7E89C1001664B7 /* no_photo.png */,
				9F5609881E7D437A0000DB21 /* Icons */,
				9F4A844C1E632AE800C1E5F2 /* nameAndSename.png */,
				9F4A844A1E632A3400C1E5F2 /* email.ico */,
				9F4A84481E6329D100C1E5F2 /* biography.png */,
				9F4A84461E63229E00C1E5F2 /* login.png */,
				9F4A84361E5F3ED000C1E5F2 /* ButtonLogout.png */,
				9F4A84321E5F3D8400C1E5F2 /* ButtonPlus.png */,
				9FC14FD51E48E7300097579B /* plus-512.gif */,
			);
			name = Pictures;
			sourceTree = "<group>";
		};
		9F5609881E7D437A0000DB21 /* Icons */ = {
			isa = PBXGroup;
			children = (
				9F5609891E7D43990000DB21 /* 1489850825_Home.ico */,
			);
			name = Icons;
			sourceTree = "<group>";
		};
		9FAE8C1C1E7E83F400BB10B9 /* Some Obj-C frameworks */ = {
			isa = PBXGroup;
			children = (
				9FF1BF641E9C1D5C00A2CEF2 /* SpotMap-Bridging-Header.h */,
				9FAE8C1E1E7E849200BB10B9 /* UIScrollView+EmptyDataSet.h */,
				9FAE8C1F1E7E849200BB10B9 /* UIScrollView+EmptyDataSet.m */,
			);
			name = "Some Obj-C frameworks";
			sourceTree = "<group>";
		};
		9FB681A91E2E70CD00D9A436 = {
			isa = PBXGroup;
			children = (
				9FB681B41E2E70CE00D9A436 /* SpotMap */,
				9FB681C91E2E70CE00D9A436 /* SpotMapTests */,
				9FB681D41E2E70CE00D9A436 /* SpotMapUITests */,
				9FB681B31E2E70CE00D9A436 /* Products */,
				CF90D077CFC09096E77DE243 /* Pods */,
				7ED1CDD97CD568D69F05C5BA /* Frameworks */,
			);
			sourceTree = "<group>";
		};
		9FB681B31E2E70CE00D9A436 /* Products */ = {
			isa = PBXGroup;
			children = (
				9FB681B21E2E70CE00D9A436 /* SpotMap.app */,
				9FB681C61E2E70CE00D9A436 /* SpotMapTests.xctest */,
				9FB681D11E2E70CE00D9A436 /* SpotMapUITests.xctest */,
			);
			name = Products;
			sourceTree = "<group>";
		};
		9FB681B41E2E70CE00D9A436 /* SpotMap */ = {
			isa = PBXGroup;
			children = (
				9FD648DB1E573F0600C673CA /* Main.storyboard */,
				9FF1BF731E9FE3AF00A2CEF2 /* Supporting files */,
				9FF1BF651E9D33AF00A2CEF2 /* Model */,
				9F212A291E802810003D5A8F /* Protocols */,
				9FAE8C1C1E7E83F400BB10B9 /* Some Obj-C frameworks */,
				9FC14FDA1E48E7590097579B /* CustomUIElements */,
				9FC14FD71E48E7380097579B /* Core */,
				9FC14FC61E48E5CB0097579B /* Controllers */,
				9F2380721E34DA20009D41E8 /* Pictures */,
				9F113EB71E32A4D3009AF9FD /* Data */,
			);
			path = SpotMap;
			sourceTree = "<group>";
		};
		9FB681C91E2E70CE00D9A436 /* SpotMapTests */ = {
			isa = PBXGroup;
			children = (
				9FB681CA1E2E70CE00D9A436 /* SpotMapTests.swift */,
				9FB681CC1E2E70CE00D9A436 /* Info.plist */,
			);
			path = SpotMapTests;
			sourceTree = "<group>";
		};
		9FB681D41E2E70CE00D9A436 /* SpotMapUITests */ = {
			isa = PBXGroup;
			children = (
				9FB681D51E2E70CE00D9A436 /* SpotMapUITests.swift */,
				9FB681D71E2E70CE00D9A436 /* Info.plist */,
			);
			path = SpotMapUITests;
			sourceTree = "<group>";
		};
		9FC14FC61E48E5CB0097579B /* Controllers */ = {
			isa = PBXGroup;
			children = (
				9F5609861E7C8C990000DB21 /* PostsStripController.swift */,
				9FFB14F51E7848F600D10620 /* FollowersController.swift */,
				9FC14FC91E48E5E30097579B /* LoginController.swift */,
				9FC14FCA1E48E5E30097579B /* MainFormController.swift */,
				9FC14FCB1E48E5E30097579B /* NewPostController.swift */,
				9FC14FCC1E48E5E30097579B /* NewSpotController.swift */,
				9FC14FCD1E48E5E30097579B /* RegistrationController.swift */,
				9FD648D31E54587800C673CA /* RidersProfileController.swift */,
				9FD648DD1E57C1A100C673CA /* PostInfoViewController.swift */,
				9F4A84401E62F4C100C1E5F2 /* UserProfileController.swift */,
				9F4A843E1E62F16C00C1E5F2 /* EditProfileController.swift */,
				9F2978FF1E9037090051EF5F /* CommentariesController.swift */,
			);
			name = Controllers;
			sourceTree = "<group>";
		};
		9FC14FD71E48E7380097579B /* Core */ = {
			isa = PBXGroup;
			children = (
				9F5609821E7C6B700000DB21 /* PostItemCellCache.swift */,
			);
			name = Core;
			sourceTree = "<group>";
		};
		9FC14FDA1E48E7590097579B /* CustomUIElements */ = {
			isa = PBXGroup;
			children = (
				9F5609841E7C6BB50000DB21 /* PostsCell.swift */,
				9F4A84421E62F4FB00C1E5F2 /* RidersProfileCollectionViewCell.swift */,
				9FC14FDB1E48E7690097579B /* CustomPin.swift */,
				9F4A84441E62F58700C1E5F2 /* EditProfileCell.swift */,
				9FBCFAE71E73445900A5C95D /* ImageManipulations.swift */,
				9FFB14F71E784E4B00D10620 /* FollowersCell.swift */,
				9F2BFEEB1E9105D3005FEF0C /* CommentCell.swift */,
				9F57A2F81E9126C000F9AEF5 /* NSObject+IGListDiffable.swift */,
			);
			name = CustomUIElements;
			sourceTree = "<group>";
		};
		9FF1BF651E9D33AF00A2CEF2 /* Model */ = {
			isa = PBXGroup;
			children = (
				9FF1BF6A1E9D447600A2CEF2 /* Storage */,
				9FF1BF691E9D446F00A2CEF2 /* DataBase */,
			);
			name = Model;
			sourceTree = "<group>";
		};
		9FF1BF691E9D446F00A2CEF2 /* DataBase */ = {
			isa = PBXGroup;
			children = (
				9FF1BF6F1E9D707400A2CEF2 /* UserModel.swift */,
				9FF1BF6B1E9D448500A2CEF2 /* CommentsModel.swift */,
			);
			name = DataBase;
			sourceTree = "<group>";
		};
		9FF1BF6A1E9D447600A2CEF2 /* Storage */ = {
			isa = PBXGroup;
			children = (
				9FF1BF711E9E801F00A2CEF2 /* UserMainPhotoModel.swift */,
			);
			name = Storage;
			sourceTree = "<group>";
		};
		9FF1BF731E9FE3AF00A2CEF2 /* Supporting files */ = {
			isa = PBXGroup;
			children = (
				9FB681B51E2E70CE00D9A436 /* AppDelegate.swift */,
				9F65321B1E3CD12700F58C18 /* Assets.xcassets */,
				9FB681BE1E2E70CE00D9A436 /* LaunchScreen.storyboard */,
				9FBCFAE31E6F248C00A5C95D /* GoogleService-Info.plist */,
				9FB681C11E2E70CE00D9A436 /* Info.plist */,
			);
			name = "Supporting files";
			sourceTree = "<group>";
		};
		CF90D077CFC09096E77DE243 /* Pods */ = {
			isa = PBXGroup;
			children = (
				5A752A6ABE4F4F31D015688F /* Pods-SpotMap.debug.xcconfig */,
				8580589E3175367EF665865F /* Pods-SpotMap.release.xcconfig */,
				457C1210DCD309EF27E34E6D /* Pods-SpotMapTests.debug.xcconfig */,
				C951A5B7F97A865607FB2FE0 /* Pods-SpotMapTests.release.xcconfig */,
				48E9C9E26DA909E14DE43D03 /* Pods-SpotMapUITests.debug.xcconfig */,
				0CC49846815FAA415F97412D /* Pods-SpotMapUITests.release.xcconfig */,
			);
			name = Pods;
			sourceTree = "<group>";
		};
/* End PBXGroup section */

/* Begin PBXNativeTarget section */
		9FB681B11E2E70CD00D9A436 /* SpotMap */ = {
			isa = PBXNativeTarget;
			buildConfigurationList = 9FB681DA1E2E70CE00D9A436 /* Build configuration list for PBXNativeTarget "SpotMap" */;
			buildPhases = (
				DA398A463813291B7027ADD8 /* [CP] Check Pods Manifest.lock */,
				9FB681AE1E2E70CD00D9A436 /* Sources */,
				9FB681AF1E2E70CD00D9A436 /* Frameworks */,
				9FB681B01E2E70CD00D9A436 /* Resources */,
				FDB9AE72B71986345285DC92 /* [CP] Embed Pods Frameworks */,
				6194BFCE891A03A80D7AFCF7 /* [CP] Copy Pods Resources */,
				9FD648D21E5351F300C673CA /* ShellScript */,
			);
			buildRules = (
			);
			dependencies = (
			);
			name = SpotMap;
			productName = SpotMap;
			productReference = 9FB681B21E2E70CE00D9A436 /* SpotMap.app */;
			productType = "com.apple.product-type.application";
		};
		9FB681C51E2E70CE00D9A436 /* SpotMapTests */ = {
			isa = PBXNativeTarget;
			buildConfigurationList = 9FB681DD1E2E70CE00D9A436 /* Build configuration list for PBXNativeTarget "SpotMapTests" */;
			buildPhases = (
				1C41BC54C08428FD4FD55A22 /* [CP] Check Pods Manifest.lock */,
				9FB681C21E2E70CE00D9A436 /* Sources */,
				9FB681C31E2E70CE00D9A436 /* Frameworks */,
				9FB681C41E2E70CE00D9A436 /* Resources */,
				E45DE6A7D2DD7B794F20C729 /* [CP] Embed Pods Frameworks */,
				02860C499285326A5B2BD8BD /* [CP] Copy Pods Resources */,
			);
			buildRules = (
			);
			dependencies = (
				9FB681C81E2E70CE00D9A436 /* PBXTargetDependency */,
			);
			name = SpotMapTests;
			productName = SpotMapTests;
			productReference = 9FB681C61E2E70CE00D9A436 /* SpotMapTests.xctest */;
			productType = "com.apple.product-type.bundle.unit-test";
		};
		9FB681D01E2E70CE00D9A436 /* SpotMapUITests */ = {
			isa = PBXNativeTarget;
			buildConfigurationList = 9FB681E01E2E70CE00D9A436 /* Build configuration list for PBXNativeTarget "SpotMapUITests" */;
			buildPhases = (
				EAAB91DC5C94139048EDDCE8 /* [CP] Check Pods Manifest.lock */,
				9FB681CD1E2E70CE00D9A436 /* Sources */,
				9FB681CE1E2E70CE00D9A436 /* Frameworks */,
				9FB681CF1E2E70CE00D9A436 /* Resources */,
				1D720243FBFD10A721DD8316 /* [CP] Embed Pods Frameworks */,
				370F51D9C2AB52A49BB8F2F8 /* [CP] Copy Pods Resources */,
			);
			buildRules = (
			);
			dependencies = (
				9FB681D31E2E70CE00D9A436 /* PBXTargetDependency */,
			);
			name = SpotMapUITests;
			productName = SpotMapUITests;
			productReference = 9FB681D11E2E70CE00D9A436 /* SpotMapUITests.xctest */;
			productType = "com.apple.product-type.bundle.ui-testing";
		};
/* End PBXNativeTarget section */

/* Begin PBXProject section */
		9FB681AA1E2E70CD00D9A436 /* Project object */ = {
			isa = PBXProject;
			attributes = {
				LastSwiftUpdateCheck = 0820;
				LastUpgradeCheck = 0820;
				ORGANIZATIONNAME = "Владислав Пуличев";
				TargetAttributes = {
					9FB681B11E2E70CD00D9A436 = {
						CreatedOnToolsVersion = 8.2.1;
						DevelopmentTeam = D8RV5S3P38;
						LastSwiftMigration = 0820;
						ProvisioningStyle = Automatic;
					};
					9FB681C51E2E70CE00D9A436 = {
						CreatedOnToolsVersion = 8.2.1;
						DevelopmentTeam = D8RV5S3P38;
						ProvisioningStyle = Automatic;
						TestTargetID = 9FB681B11E2E70CD00D9A436;
					};
					9FB681D01E2E70CE00D9A436 = {
						CreatedOnToolsVersion = 8.2.1;
						DevelopmentTeam = D8RV5S3P38;
						ProvisioningStyle = Automatic;
						TestTargetID = 9FB681B11E2E70CD00D9A436;
					};
				};
			};
			buildConfigurationList = 9FB681AD1E2E70CD00D9A436 /* Build configuration list for PBXProject "SpotMap" */;
			compatibilityVersion = "Xcode 3.2";
			developmentRegion = English;
			hasScannedForEncodings = 0;
			knownRegions = (
				en,
				Base,
			);
			mainGroup = 9FB681A91E2E70CD00D9A436;
			productRefGroup = 9FB681B31E2E70CE00D9A436 /* Products */;
			projectDirPath = "";
			projectRoot = "";
			targets = (
				9FB681B11E2E70CD00D9A436 /* SpotMap */,
				9FB681C51E2E70CE00D9A436 /* SpotMapTests */,
				9FB681D01E2E70CE00D9A436 /* SpotMapUITests */,
			);
		};
/* End PBXProject section */

/* Begin PBXResourcesBuildPhase section */
		9FB681B01E2E70CD00D9A436 /* Resources */ = {
			isa = PBXResourcesBuildPhase;
			buildActionMask = 2147483647;
			files = (
				9FB681C01E2E70CE00D9A436 /* LaunchScreen.storyboard in Resources */,
				9F0AC5881E8DA3F9007ABD55 /* PleaseWaitTxt.gif in Resources */,
				9F4A84371E5F3ED000C1E5F2 /* ButtonLogout.png in Resources */,
				9FC14FD61E48E7300097579B /* plus-512.gif in Resources */,
				9F4A844D1E632AE800C1E5F2 /* nameAndSename.png in Resources */,
				9F65321C1E3CD12700F58C18 /* Assets.xcassets in Resources */,
				9FD648DC1E573F0600C673CA /* Main.storyboard in Resources */,
				9F6163471E7E89C1001664B7 /* no_photo.png in Resources */,
				9F4A844B1E632A3400C1E5F2 /* email.ico in Resources */,
				9F0AC5841E898412007ABD55 /* grayRec.jpg in Resources */,
				9F4A84491E6329D100C1E5F2 /* biography.png in Resources */,
				9FBCFAE41E6F248C00A5C95D /* GoogleService-Info.plist in Resources */,
				9F4A84331E5F3D8400C1E5F2 /* ButtonPlus.png in Resources */,
				9F4A84471E63229E00C1E5F2 /* login.png in Resources */,
			);
			runOnlyForDeploymentPostprocessing = 0;
		};
		9FB681C41E2E70CE00D9A436 /* Resources */ = {
			isa = PBXResourcesBuildPhase;
			buildActionMask = 2147483647;
			files = (
			);
			runOnlyForDeploymentPostprocessing = 0;
		};
		9FB681CF1E2E70CE00D9A436 /* Resources */ = {
			isa = PBXResourcesBuildPhase;
			buildActionMask = 2147483647;
			files = (
			);
			runOnlyForDeploymentPostprocessing = 0;
		};
/* End PBXResourcesBuildPhase section */

/* Begin PBXShellScriptBuildPhase section */
		02860C499285326A5B2BD8BD /* [CP] Copy Pods Resources */ = {
			isa = PBXShellScriptBuildPhase;
			buildActionMask = 2147483647;
			files = (
			);
			inputPaths = (
			);
			name = "[CP] Copy Pods Resources";
			outputPaths = (
			);
			runOnlyForDeploymentPostprocessing = 0;
			shellPath = /bin/sh;
			shellScript = "\"${SRCROOT}/Pods/Target Support Files/Pods-SpotMapTests/Pods-SpotMapTests-resources.sh\"\n";
			showEnvVarsInLog = 0;
		};
		1C41BC54C08428FD4FD55A22 /* [CP] Check Pods Manifest.lock */ = {
			isa = PBXShellScriptBuildPhase;
			buildActionMask = 2147483647;
			files = (
			);
			inputPaths = (
			);
			name = "[CP] Check Pods Manifest.lock";
			outputPaths = (
			);
			runOnlyForDeploymentPostprocessing = 0;
			shellPath = /bin/sh;
			shellScript = "diff \"${PODS_ROOT}/../Podfile.lock\" \"${PODS_ROOT}/Manifest.lock\" > /dev/null\nif [ $? != 0 ] ; then\n    # print error to STDERR\n    echo \"error: The sandbox is not in sync with the Podfile.lock. Run 'pod install' or update your CocoaPods installation.\" >&2\n    exit 1\nfi\n";
			showEnvVarsInLog = 0;
		};
		1D720243FBFD10A721DD8316 /* [CP] Embed Pods Frameworks */ = {
			isa = PBXShellScriptBuildPhase;
			buildActionMask = 2147483647;
			files = (
			);
			inputPaths = (
			);
			name = "[CP] Embed Pods Frameworks";
			outputPaths = (
			);
			runOnlyForDeploymentPostprocessing = 0;
			shellPath = /bin/sh;
			shellScript = "\"${SRCROOT}/Pods/Target Support Files/Pods-SpotMapUITests/Pods-SpotMapUITests-frameworks.sh\"\n";
			showEnvVarsInLog = 0;
		};
		370F51D9C2AB52A49BB8F2F8 /* [CP] Copy Pods Resources */ = {
			isa = PBXShellScriptBuildPhase;
			buildActionMask = 2147483647;
			files = (
			);
			inputPaths = (
			);
			name = "[CP] Copy Pods Resources";
			outputPaths = (
			);
			runOnlyForDeploymentPostprocessing = 0;
			shellPath = /bin/sh;
			shellScript = "\"${SRCROOT}/Pods/Target Support Files/Pods-SpotMapUITests/Pods-SpotMapUITests-resources.sh\"\n";
			showEnvVarsInLog = 0;
		};
		6194BFCE891A03A80D7AFCF7 /* [CP] Copy Pods Resources */ = {
			isa = PBXShellScriptBuildPhase;
			buildActionMask = 2147483647;
			files = (
			);
			inputPaths = (
			);
			name = "[CP] Copy Pods Resources";
			outputPaths = (
			);
			runOnlyForDeploymentPostprocessing = 0;
			shellPath = /bin/sh;
			shellScript = "\"${SRCROOT}/Pods/Target Support Files/Pods-SpotMap/Pods-SpotMap-resources.sh\"\n";
			showEnvVarsInLog = 0;
		};
		9FD648D21E5351F300C673CA /* ShellScript */ = {
			isa = PBXShellScriptBuildPhase;
			buildActionMask = 2147483647;
			files = (
			);
			inputPaths = (
			);
			outputPaths = (
			);
			runOnlyForDeploymentPostprocessing = 0;
			shellPath = /bin/sh;
			shellScript = "#if which swiftlint >/dev/null; then\n#swiftlint\n#else\n#echo \"error: SwiftLint does not exist, download it from https://github.com/realm/SwiftLint\"\n#exit 1\n#fi";
			showEnvVarsInLog = 0;
		};
		DA398A463813291B7027ADD8 /* [CP] Check Pods Manifest.lock */ = {
			isa = PBXShellScriptBuildPhase;
			buildActionMask = 2147483647;
			files = (
			);
			inputPaths = (
			);
			name = "[CP] Check Pods Manifest.lock";
			outputPaths = (
			);
			runOnlyForDeploymentPostprocessing = 0;
			shellPath = /bin/sh;
			shellScript = "diff \"${PODS_ROOT}/../Podfile.lock\" \"${PODS_ROOT}/Manifest.lock\" > /dev/null\nif [ $? != 0 ] ; then\n    # print error to STDERR\n    echo \"error: The sandbox is not in sync with the Podfile.lock. Run 'pod install' or update your CocoaPods installation.\" >&2\n    exit 1\nfi\n";
			showEnvVarsInLog = 0;
		};
		E45DE6A7D2DD7B794F20C729 /* [CP] Embed Pods Frameworks */ = {
			isa = PBXShellScriptBuildPhase;
			buildActionMask = 2147483647;
			files = (
			);
			inputPaths = (
			);
			name = "[CP] Embed Pods Frameworks";
			outputPaths = (
			);
			runOnlyForDeploymentPostprocessing = 0;
			shellPath = /bin/sh;
			shellScript = "\"${SRCROOT}/Pods/Target Support Files/Pods-SpotMapTests/Pods-SpotMapTests-frameworks.sh\"\n";
			showEnvVarsInLog = 0;
		};
		EAAB91DC5C94139048EDDCE8 /* [CP] Check Pods Manifest.lock */ = {
			isa = PBXShellScriptBuildPhase;
			buildActionMask = 2147483647;
			files = (
			);
			inputPaths = (
			);
			name = "[CP] Check Pods Manifest.lock";
			outputPaths = (
			);
			runOnlyForDeploymentPostprocessing = 0;
			shellPath = /bin/sh;
			shellScript = "diff \"${PODS_ROOT}/../Podfile.lock\" \"${PODS_ROOT}/Manifest.lock\" > /dev/null\nif [ $? != 0 ] ; then\n    # print error to STDERR\n    echo \"error: The sandbox is not in sync with the Podfile.lock. Run 'pod install' or update your CocoaPods installation.\" >&2\n    exit 1\nfi\n";
			showEnvVarsInLog = 0;
		};
		FDB9AE72B71986345285DC92 /* [CP] Embed Pods Frameworks */ = {
			isa = PBXShellScriptBuildPhase;
			buildActionMask = 2147483647;
			files = (
			);
			inputPaths = (
			);
			name = "[CP] Embed Pods Frameworks";
			outputPaths = (
			);
			runOnlyForDeploymentPostprocessing = 0;
			shellPath = /bin/sh;
			shellScript = "\"${SRCROOT}/Pods/Target Support Files/Pods-SpotMap/Pods-SpotMap-frameworks.sh\"\n";
			showEnvVarsInLog = 0;
		};
/* End PBXShellScriptBuildPhase section */

/* Begin PBXSourcesBuildPhase section */
		9FB681AE1E2E70CD00D9A436 /* Sources */ = {
			isa = PBXSourcesBuildPhase;
			buildActionMask = 2147483647;
			files = (
				9F4A843F1E62F16C00C1E5F2 /* EditProfileController.swift in Sources */,
				9FFB14F61E7848F600D10620 /* FollowersController.swift in Sources */,
				9F49EB301E688718007ADAD1 /* SpotDetailsItem.swift in Sources */,
				9F943EE91E6F041300709B79 /* LikeItem.swift in Sources */,
				9FAE8C201E7E849200BB10B9 /* UIScrollView+EmptyDataSet.m in Sources */,
				9F2BFEEC1E9105D3005FEF0C /* CommentCell.swift in Sources */,
				9FFB14F81E784E4B00D10620 /* FollowersCell.swift in Sources */,
				9F73B09E1E6A0E490049563A /* UserItem.swift in Sources */,
				9F5609831E7C6B700000DB21 /* PostItemCellCache.swift in Sources */,
				9FD648DE1E57C1A100C673CA /* PostInfoViewController.swift in Sources */,
				9FC14FCF1E48E5E30097579B /* LoginController.swift in Sources */,
				9FBCFAE81E73445900A5C95D /* ImageManipulations.swift in Sources */,
				9FB681B61E2E70CE00D9A436 /* AppDelegate.swift in Sources */,
				9F5609811E7C6A630000DB21 /* PostItem.swift in Sources */,
				9F4A84451E62F58700C1E5F2 /* EditProfileCell.swift in Sources */,
				9FC14FD01E48E5E30097579B /* MainFormController.swift in Sources */,
				9F4A84411E62F4C100C1E5F2 /* UserProfileController.swift in Sources */,
				9F0AC5861E8C5138007ABD55 /* ForUpdatingUserProfilePosts.swift in Sources */,
				9F212A2D1E802873003D5A8F /* EditedUserInfoDelegate.swift in Sources */,
				9F4A84431E62F4FB00C1E5F2 /* RidersProfileCollectionViewCell.swift in Sources */,
				9FC14FD21E48E5E30097579B /* NewSpotController.swift in Sources */,
				9F5609871E7C8C990000DB21 /* PostsStripController.swift in Sources */,
				9FC14FD11E48E5E30097579B /* NewPostController.swift in Sources */,
				9F2979001E9037090051EF5F /* CommentariesController.swift in Sources */,
				9FF1BF721E9E801F00A2CEF2 /* UserMainPhotoModel.swift in Sources */,
				9FD648D41E54587800C673CA /* RidersProfileController.swift in Sources */,
				9F2979021E903BDC0051EF5F /* CommentItem.swift in Sources */,
				9FF1BF701E9D707400A2CEF2 /* UserModel.swift in Sources */,
				9F5609851E7C6BB50000DB21 /* PostsCell.swift in Sources */,
				9F57A2F91E9126C000F9AEF5 /* NSObject+IGListDiffable.swift in Sources */,
				9FF1BF6C1E9D448500A2CEF2 /* CommentsModel.swift in Sources */,
				9FC14FDE1E48E7690097579B /* CustomPin.swift in Sources */,
				9FC14FD31E48E5E30097579B /* RegistrationController.swift in Sources */,
			);
			runOnlyForDeploymentPostprocessing = 0;
		};
		9FB681C21E2E70CE00D9A436 /* Sources */ = {
			isa = PBXSourcesBuildPhase;
			buildActionMask = 2147483647;
			files = (
				9FB681CB1E2E70CE00D9A436 /* SpotMapTests.swift in Sources */,
			);
			runOnlyForDeploymentPostprocessing = 0;
		};
		9FB681CD1E2E70CE00D9A436 /* Sources */ = {
			isa = PBXSourcesBuildPhase;
			buildActionMask = 2147483647;
			files = (
				9FB681D61E2E70CE00D9A436 /* SpotMapUITests.swift in Sources */,
			);
			runOnlyForDeploymentPostprocessing = 0;
		};
/* End PBXSourcesBuildPhase section */

/* Begin PBXTargetDependency section */
		9FB681C81E2E70CE00D9A436 /* PBXTargetDependency */ = {
			isa = PBXTargetDependency;
			target = 9FB681B11E2E70CD00D9A436 /* SpotMap */;
			targetProxy = 9FB681C71E2E70CE00D9A436 /* PBXContainerItemProxy */;
		};
		9FB681D31E2E70CE00D9A436 /* PBXTargetDependency */ = {
			isa = PBXTargetDependency;
			target = 9FB681B11E2E70CD00D9A436 /* SpotMap */;
			targetProxy = 9FB681D21E2E70CE00D9A436 /* PBXContainerItemProxy */;
		};
/* End PBXTargetDependency section */

/* Begin PBXVariantGroup section */
		9FB681BE1E2E70CE00D9A436 /* LaunchScreen.storyboard */ = {
			isa = PBXVariantGroup;
			children = (
				9FB681BF1E2E70CE00D9A436 /* Base */,
			);
			name = LaunchScreen.storyboard;
			sourceTree = "<group>";
		};
/* End PBXVariantGroup section */

/* Begin XCBuildConfiguration section */
		9FB681D81E2E70CE00D9A436 /* Debug */ = {
			isa = XCBuildConfiguration;
			buildSettings = {
				ALWAYS_SEARCH_USER_PATHS = NO;
				CLANG_ANALYZER_NONNULL = YES;
				CLANG_CXX_LANGUAGE_STANDARD = "gnu++0x";
				CLANG_CXX_LIBRARY = "libc++";
				CLANG_ENABLE_MODULES = YES;
				CLANG_ENABLE_OBJC_ARC = YES;
				CLANG_WARN_BOOL_CONVERSION = YES;
				CLANG_WARN_CONSTANT_CONVERSION = YES;
				CLANG_WARN_DIRECT_OBJC_ISA_USAGE = YES_ERROR;
				CLANG_WARN_DOCUMENTATION_COMMENTS = YES;
				CLANG_WARN_EMPTY_BODY = YES;
				CLANG_WARN_ENUM_CONVERSION = YES;
				CLANG_WARN_INFINITE_RECURSION = YES;
				CLANG_WARN_INT_CONVERSION = YES;
				CLANG_WARN_OBJC_ROOT_CLASS = YES_ERROR;
				CLANG_WARN_SUSPICIOUS_MOVE = YES;
				CLANG_WARN_UNREACHABLE_CODE = YES;
				CLANG_WARN__DUPLICATE_METHOD_MATCH = YES;
				"CODE_SIGN_IDENTITY[sdk=iphoneos*]" = "iPhone Developer";
				COPY_PHASE_STRIP = NO;
				DEBUG_INFORMATION_FORMAT = dwarf;
				ENABLE_STRICT_OBJC_MSGSEND = YES;
				ENABLE_TESTABILITY = YES;
				GCC_C_LANGUAGE_STANDARD = gnu99;
				GCC_DYNAMIC_NO_PIC = NO;
				GCC_NO_COMMON_BLOCKS = YES;
				GCC_OPTIMIZATION_LEVEL = 0;
				GCC_PREPROCESSOR_DEFINITIONS = (
					"DEBUG=1",
					"$(inherited)",
				);
				GCC_WARN_64_TO_32_BIT_CONVERSION = YES;
				GCC_WARN_ABOUT_RETURN_TYPE = YES_ERROR;
				GCC_WARN_UNDECLARED_SELECTOR = YES;
				GCC_WARN_UNINITIALIZED_AUTOS = YES_AGGRESSIVE;
				GCC_WARN_UNUSED_FUNCTION = YES;
				GCC_WARN_UNUSED_LABEL = NO;
				GCC_WARN_UNUSED_PARAMETER = YES;
				GCC_WARN_UNUSED_VALUE = YES;
				GCC_WARN_UNUSED_VARIABLE = YES;
				IPHONEOS_DEPLOYMENT_TARGET = 10.2;
				MTL_ENABLE_DEBUG_INFO = YES;
				ONLY_ACTIVE_ARCH = YES;
				SDKROOT = iphoneos;
				SWIFT_ACTIVE_COMPILATION_CONDITIONS = DEBUG;
				SWIFT_OPTIMIZATION_LEVEL = "-Onone";
				TARGETED_DEVICE_FAMILY = "1,2";
			};
			name = Debug;
		};
		9FB681D91E2E70CE00D9A436 /* Release */ = {
			isa = XCBuildConfiguration;
			buildSettings = {
				ALWAYS_SEARCH_USER_PATHS = NO;
				CLANG_ANALYZER_NONNULL = YES;
				CLANG_CXX_LANGUAGE_STANDARD = "gnu++0x";
				CLANG_CXX_LIBRARY = "libc++";
				CLANG_ENABLE_MODULES = YES;
				CLANG_ENABLE_OBJC_ARC = YES;
				CLANG_WARN_BOOL_CONVERSION = YES;
				CLANG_WARN_CONSTANT_CONVERSION = YES;
				CLANG_WARN_DIRECT_OBJC_ISA_USAGE = YES_ERROR;
				CLANG_WARN_DOCUMENTATION_COMMENTS = YES;
				CLANG_WARN_EMPTY_BODY = YES;
				CLANG_WARN_ENUM_CONVERSION = YES;
				CLANG_WARN_INFINITE_RECURSION = YES;
				CLANG_WARN_INT_CONVERSION = YES;
				CLANG_WARN_OBJC_ROOT_CLASS = YES_ERROR;
				CLANG_WARN_SUSPICIOUS_MOVE = YES;
				CLANG_WARN_UNREACHABLE_CODE = YES;
				CLANG_WARN__DUPLICATE_METHOD_MATCH = YES;
				"CODE_SIGN_IDENTITY[sdk=iphoneos*]" = "iPhone Developer";
				COPY_PHASE_STRIP = NO;
				DEBUG_INFORMATION_FORMAT = "dwarf-with-dsym";
				ENABLE_NS_ASSERTIONS = NO;
				ENABLE_STRICT_OBJC_MSGSEND = YES;
				GCC_C_LANGUAGE_STANDARD = gnu99;
				GCC_NO_COMMON_BLOCKS = YES;
				GCC_WARN_64_TO_32_BIT_CONVERSION = YES;
				GCC_WARN_ABOUT_RETURN_TYPE = YES_ERROR;
				GCC_WARN_UNDECLARED_SELECTOR = YES;
				GCC_WARN_UNINITIALIZED_AUTOS = YES_AGGRESSIVE;
				GCC_WARN_UNUSED_FUNCTION = YES;
				GCC_WARN_UNUSED_LABEL = NO;
				GCC_WARN_UNUSED_PARAMETER = YES;
				GCC_WARN_UNUSED_VALUE = YES;
				GCC_WARN_UNUSED_VARIABLE = YES;
				IPHONEOS_DEPLOYMENT_TARGET = 10.2;
				MTL_ENABLE_DEBUG_INFO = NO;
				SDKROOT = iphoneos;
				SWIFT_OPTIMIZATION_LEVEL = "-Owholemodule";
				TARGETED_DEVICE_FAMILY = "1,2";
				VALIDATE_PRODUCT = YES;
			};
			name = Release;
		};
		9FB681DB1E2E70CE00D9A436 /* Debug */ = {
			isa = XCBuildConfiguration;
			baseConfigurationReference = 5A752A6ABE4F4F31D015688F /* Pods-SpotMap.debug.xcconfig */;
			buildSettings = {
				ASSETCATALOG_COMPILER_APPICON_NAME = AppIcon;
				CLANG_ENABLE_MODULES = YES;
				DEVELOPMENT_TEAM = D8RV5S3P38;
				INFOPLIST_FILE = SpotMap/Info.plist;
				IPHONEOS_DEPLOYMENT_TARGET = 10.3;
				LD_RUNPATH_SEARCH_PATHS = "$(inherited) @executable_path/Frameworks";
				PRODUCT_BUNDLE_IDENTIFIER = VP.SpotMap;
				PRODUCT_NAME = "$(TARGET_NAME)";
				SWIFT_OBJC_BRIDGING_HEADER = "SpotMap/Some Obj-C frameworks/SpotMap-Bridging-Header.h";
				SWIFT_OPTIMIZATION_LEVEL = "-Onone";
				SWIFT_VERSION = 3.0;
			};
			name = Debug;
		};
		9FB681DC1E2E70CE00D9A436 /* Release */ = {
			isa = XCBuildConfiguration;
			baseConfigurationReference = 8580589E3175367EF665865F /* Pods-SpotMap.release.xcconfig */;
			buildSettings = {
				ASSETCATALOG_COMPILER_APPICON_NAME = AppIcon;
				CLANG_ENABLE_MODULES = YES;
				DEVELOPMENT_TEAM = D8RV5S3P38;
				INFOPLIST_FILE = SpotMap/Info.plist;
				IPHONEOS_DEPLOYMENT_TARGET = 10.3;
				LD_RUNPATH_SEARCH_PATHS = "$(inherited) @executable_path/Frameworks";
				PRODUCT_BUNDLE_IDENTIFIER = VP.SpotMap;
				PRODUCT_NAME = "$(TARGET_NAME)";
				SWIFT_OBJC_BRIDGING_HEADER = "SpotMap/Some Obj-C frameworks/SpotMap-Bridging-Header.h";
				SWIFT_VERSION = 3.0;
			};
			name = Release;
		};
		9FB681DE1E2E70CE00D9A436 /* Debug */ = {
			isa = XCBuildConfiguration;
			baseConfigurationReference = 457C1210DCD309EF27E34E6D /* Pods-SpotMapTests.debug.xcconfig */;
			buildSettings = {
				ALWAYS_EMBED_SWIFT_STANDARD_LIBRARIES = YES;
				BUNDLE_LOADER = "$(TEST_HOST)";
				DEVELOPMENT_TEAM = D8RV5S3P38;
				INFOPLIST_FILE = SpotMapTests/Info.plist;
				LD_RUNPATH_SEARCH_PATHS = "$(inherited) @executable_path/Frameworks @loader_path/Frameworks";
				PRODUCT_BUNDLE_IDENTIFIER = VP.SpotMapTests;
				PRODUCT_NAME = "$(TARGET_NAME)";
				SWIFT_VERSION = 3.0;
				TEST_HOST = "$(BUILT_PRODUCTS_DIR)/SpotMap.app/SpotMap";
			};
			name = Debug;
		};
		9FB681DF1E2E70CE00D9A436 /* Release */ = {
			isa = XCBuildConfiguration;
			baseConfigurationReference = C951A5B7F97A865607FB2FE0 /* Pods-SpotMapTests.release.xcconfig */;
			buildSettings = {
				ALWAYS_EMBED_SWIFT_STANDARD_LIBRARIES = YES;
				BUNDLE_LOADER = "$(TEST_HOST)";
				DEVELOPMENT_TEAM = D8RV5S3P38;
				INFOPLIST_FILE = SpotMapTests/Info.plist;
				LD_RUNPATH_SEARCH_PATHS = "$(inherited) @executable_path/Frameworks @loader_path/Frameworks";
				PRODUCT_BUNDLE_IDENTIFIER = VP.SpotMapTests;
				PRODUCT_NAME = "$(TARGET_NAME)";
				SWIFT_VERSION = 3.0;
				TEST_HOST = "$(BUILT_PRODUCTS_DIR)/SpotMap.app/SpotMap";
			};
			name = Release;
		};
		9FB681E11E2E70CE00D9A436 /* Debug */ = {
			isa = XCBuildConfiguration;
			baseConfigurationReference = 48E9C9E26DA909E14DE43D03 /* Pods-SpotMapUITests.debug.xcconfig */;
			buildSettings = {
				ALWAYS_EMBED_SWIFT_STANDARD_LIBRARIES = YES;
				DEVELOPMENT_TEAM = D8RV5S3P38;
				INFOPLIST_FILE = SpotMapUITests/Info.plist;
				LD_RUNPATH_SEARCH_PATHS = "$(inherited) @executable_path/Frameworks @loader_path/Frameworks";
				PRODUCT_BUNDLE_IDENTIFIER = VP.SpotMapUITests;
				PRODUCT_NAME = "$(TARGET_NAME)";
				SWIFT_VERSION = 3.0;
				TEST_TARGET_NAME = SpotMap;
			};
			name = Debug;
		};
		9FB681E21E2E70CE00D9A436 /* Release */ = {
			isa = XCBuildConfiguration;
			baseConfigurationReference = 0CC49846815FAA415F97412D /* Pods-SpotMapUITests.release.xcconfig */;
			buildSettings = {
				ALWAYS_EMBED_SWIFT_STANDARD_LIBRARIES = YES;
				DEVELOPMENT_TEAM = D8RV5S3P38;
				INFOPLIST_FILE = SpotMapUITests/Info.plist;
				LD_RUNPATH_SEARCH_PATHS = "$(inherited) @executable_path/Frameworks @loader_path/Frameworks";
				PRODUCT_BUNDLE_IDENTIFIER = VP.SpotMapUITests;
				PRODUCT_NAME = "$(TARGET_NAME)";
				SWIFT_VERSION = 3.0;
				TEST_TARGET_NAME = SpotMap;
			};
			name = Release;
		};
/* End XCBuildConfiguration section */

/* Begin XCConfigurationList section */
		9FB681AD1E2E70CD00D9A436 /* Build configuration list for PBXProject "SpotMap" */ = {
			isa = XCConfigurationList;
			buildConfigurations = (
				9FB681D81E2E70CE00D9A436 /* Debug */,
				9FB681D91E2E70CE00D9A436 /* Release */,
			);
			defaultConfigurationIsVisible = 0;
			defaultConfigurationName = Release;
		};
		9FB681DA1E2E70CE00D9A436 /* Build configuration list for PBXNativeTarget "SpotMap" */ = {
			isa = XCConfigurationList;
			buildConfigurations = (
				9FB681DB1E2E70CE00D9A436 /* Debug */,
				9FB681DC1E2E70CE00D9A436 /* Release */,
			);
			defaultConfigurationIsVisible = 0;
			defaultConfigurationName = Release;
		};
		9FB681DD1E2E70CE00D9A436 /* Build configuration list for PBXNativeTarget "SpotMapTests" */ = {
			isa = XCConfigurationList;
			buildConfigurations = (
				9FB681DE1E2E70CE00D9A436 /* Debug */,
				9FB681DF1E2E70CE00D9A436 /* Release */,
			);
			defaultConfigurationIsVisible = 0;
			defaultConfigurationName = Release;
		};
		9FB681E01E2E70CE00D9A436 /* Build configuration list for PBXNativeTarget "SpotMapUITests" */ = {
			isa = XCConfigurationList;
			buildConfigurations = (
				9FB681E11E2E70CE00D9A436 /* Debug */,
				9FB681E21E2E70CE00D9A436 /* Release */,
			);
			defaultConfigurationIsVisible = 0;
			defaultConfigurationName = Release;
		};
/* End XCConfigurationList section */
	};
	rootObject = 9FB681AA1E2E70CD00D9A436 /* Project object */;
}
