// !$*UTF8*$!
{
	archiveVersion = 1;
	classes = {
	};
	objectVersion = 46;
	objects = {

/* Begin PBXBuildFile section */
		731AD27307E50B3192B4422B /* Pods_SpotMapTests.framework in Frameworks */ = {isa = PBXBuildFile; fileRef = 8DC2E8B7664A1FF904F1D3C9 /* Pods_SpotMapTests.framework */; };
		7E70B15F5DAC197C3216DA6E /* Pods_SpotMapUITests.framework in Frameworks */ = {isa = PBXBuildFile; fileRef = 36EFE0AF727D03D36C374021 /* Pods_SpotMapUITests.framework */; };
		9F4A84331E5F3D8400C1E5F2 /* ButtonPlus.png in Resources */ = {isa = PBXBuildFile; fileRef = 9F4A84321E5F3D8400C1E5F2 /* ButtonPlus.png */; };
		9F4A84371E5F3ED000C1E5F2 /* ButtonLogout.png in Resources */ = {isa = PBXBuildFile; fileRef = 9F4A84361E5F3ED000C1E5F2 /* ButtonLogout.png */; };
		9F4A843F1E62F16C00C1E5F2 /* EditProfileController.swift in Sources */ = {isa = PBXBuildFile; fileRef = 9F4A843E1E62F16C00C1E5F2 /* EditProfileController.swift */; };
		9F4A84411E62F4C100C1E5F2 /* UserProfileController.swift in Sources */ = {isa = PBXBuildFile; fileRef = 9F4A84401E62F4C100C1E5F2 /* UserProfileController.swift */; };
		9F4A84431E62F4FB00C1E5F2 /* RidersProfileCollectionViewCell.swift in Sources */ = {isa = PBXBuildFile; fileRef = 9F4A84421E62F4FB00C1E5F2 /* RidersProfileCollectionViewCell.swift */; };
		9F4A84451E62F58700C1E5F2 /* EditProfileCell.swift in Sources */ = {isa = PBXBuildFile; fileRef = 9F4A84441E62F58700C1E5F2 /* EditProfileCell.swift */; };
		9F65321C1E3CD12700F58C18 /* Assets.xcassets in Resources */ = {isa = PBXBuildFile; fileRef = 9F65321B1E3CD12700F58C18 /* Assets.xcassets */; };
		9FB681B61E2E70CE00D9A436 /* AppDelegate.swift in Sources */ = {isa = PBXBuildFile; fileRef = 9FB681B51E2E70CE00D9A436 /* AppDelegate.swift */; };
		9FB681C01E2E70CE00D9A436 /* LaunchScreen.storyboard in Resources */ = {isa = PBXBuildFile; fileRef = 9FB681BE1E2E70CE00D9A436 /* LaunchScreen.storyboard */; };
		9FB681CB1E2E70CE00D9A436 /* SpotMapTests.swift in Sources */ = {isa = PBXBuildFile; fileRef = 9FB681CA1E2E70CE00D9A436 /* SpotMapTests.swift */; };
		9FB681D61E2E70CE00D9A436 /* SpotMapUITests.swift in Sources */ = {isa = PBXBuildFile; fileRef = 9FB681D51E2E70CE00D9A436 /* SpotMapUITests.swift */; };
		9FC14FCF1E48E5E30097579B /* LoginController.swift in Sources */ = {isa = PBXBuildFile; fileRef = 9FC14FC91E48E5E30097579B /* LoginController.swift */; };
		9FC14FD01E48E5E30097579B /* MainFormController.swift in Sources */ = {isa = PBXBuildFile; fileRef = 9FC14FCA1E48E5E30097579B /* MainFormController.swift */; };
		9FC14FD11E48E5E30097579B /* NewPostController.swift in Sources */ = {isa = PBXBuildFile; fileRef = 9FC14FCB1E48E5E30097579B /* NewPostController.swift */; };
		9FC14FD21E48E5E30097579B /* NewSpotController.swift in Sources */ = {isa = PBXBuildFile; fileRef = 9FC14FCC1E48E5E30097579B /* NewSpotController.swift */; };
		9FC14FD31E48E5E30097579B /* RegistrationController.swift in Sources */ = {isa = PBXBuildFile; fileRef = 9FC14FCD1E48E5E30097579B /* RegistrationController.swift */; };
		9FC14FD41E48E5E30097579B /* SpotDetailsController.swift in Sources */ = {isa = PBXBuildFile; fileRef = 9FC14FCE1E48E5E30097579B /* SpotDetailsController.swift */; };
		9FC14FD61E48E7300097579B /* plus-512.gif in Resources */ = {isa = PBXBuildFile; fileRef = 9FC14FD51E48E7300097579B /* plus-512.gif */; };
		9FC14FD91E48E7510097579B /* SpotPostsCellCache.swift in Sources */ = {isa = PBXBuildFile; fileRef = 9FC14FD81E48E7510097579B /* SpotPostsCellCache.swift */; };
		9FC14FDE1E48E7690097579B /* CustomPin.swift in Sources */ = {isa = PBXBuildFile; fileRef = 9FC14FDB1E48E7690097579B /* CustomPin.swift */; };
		9FC14FE01E48E7690097579B /* SpotPostsCell.swift in Sources */ = {isa = PBXBuildFile; fileRef = 9FC14FDD1E48E7690097579B /* SpotPostsCell.swift */; };
		9FC14FE51E48E7790097579B /* LoggedInUser.swift in Sources */ = {isa = PBXBuildFile; fileRef = 9FC14FE11E48E7790097579B /* LoggedInUser.swift */; };
		9FC14FE61E48E7790097579B /* PostLike.swift in Sources */ = {isa = PBXBuildFile; fileRef = 9FC14FE21E48E7790097579B /* PostLike.swift */; };
		9FC14FE71E48E7790097579B /* SpotDetails.swift in Sources */ = {isa = PBXBuildFile; fileRef = 9FC14FE31E48E7790097579B /* SpotDetails.swift */; };
		9FC14FE81E48E7790097579B /* SpotPost.swift in Sources */ = {isa = PBXBuildFile; fileRef = 9FC14FE41E48E7790097579B /* SpotPost.swift */; };
		9FD648D41E54587800C673CA /* RidersProfileController.swift in Sources */ = {isa = PBXBuildFile; fileRef = 9FD648D31E54587800C673CA /* RidersProfileController.swift */; };
		9FD648D61E54745100C673CA /* Users.swift in Sources */ = {isa = PBXBuildFile; fileRef = 9FD648D51E54745100C673CA /* Users.swift */; };
		9FD648DC1E573F0600C673CA /* Main.storyboard in Resources */ = {isa = PBXBuildFile; fileRef = 9FD648DB1E573F0600C673CA /* Main.storyboard */; };
		9FD648DE1E57C1A100C673CA /* PostInfoViewController.swift in Sources */ = {isa = PBXBuildFile; fileRef = 9FD648DD1E57C1A100C673CA /* PostInfoViewController.swift */; };
		AFCFACF65E8F27FB2D21FBFE /* Pods_SpotMap.framework in Frameworks */ = {isa = PBXBuildFile; fileRef = 3E9F13B08B134BD527AC18F2 /* Pods_SpotMap.framework */; };
/* End PBXBuildFile section */

/* Begin PBXContainerItemProxy section */
		9FB681C71E2E70CE00D9A436 /* PBXContainerItemProxy */ = {
			isa = PBXContainerItemProxy;
			containerPortal = 9FB681AA1E2E70CD00D9A436 /* Project object */;
			proxyType = 1;
			remoteGlobalIDString = 9FB681B11E2E70CD00D9A436;
			remoteInfo = SpotMap;
		};
		9FB681D21E2E70CE00D9A436 /* PBXContainerItemProxy */ = {
			isa = PBXContainerItemProxy;
			containerPortal = 9FB681AA1E2E70CD00D9A436 /* Project object */;
			proxyType = 1;
			remoteGlobalIDString = 9FB681B11E2E70CD00D9A436;
			remoteInfo = SpotMap;
		};
/* End PBXContainerItemProxy section */

/* Begin PBXFileReference section */
		0CC49846815FAA415F97412D /* Pods-SpotMapUITests.release.xcconfig */ = {isa = PBXFileReference; includeInIndex = 1; lastKnownFileType = text.xcconfig; name = "Pods-SpotMapUITests.release.xcconfig"; path = "Pods/Target Support Files/Pods-SpotMapUITests/Pods-SpotMapUITests.release.xcconfig"; sourceTree = "<group>"; };
		36EFE0AF727D03D36C374021 /* Pods_SpotMapUITests.framework */ = {isa = PBXFileReference; explicitFileType = wrapper.framework; includeInIndex = 0; path = Pods_SpotMapUITests.framework; sourceTree = BUILT_PRODUCTS_DIR; };
		3E9F13B08B134BD527AC18F2 /* Pods_SpotMap.framework */ = {isa = PBXFileReference; explicitFileType = wrapper.framework; includeInIndex = 0; path = Pods_SpotMap.framework; sourceTree = BUILT_PRODUCTS_DIR; };
		457C1210DCD309EF27E34E6D /* Pods-SpotMapTests.debug.xcconfig */ = {isa = PBXFileReference; includeInIndex = 1; lastKnownFileType = text.xcconfig; name = "Pods-SpotMapTests.debug.xcconfig"; path = "Pods/Target Support Files/Pods-SpotMapTests/Pods-SpotMapTests.debug.xcconfig"; sourceTree = "<group>"; };
		48E9C9E26DA909E14DE43D03 /* Pods-SpotMapUITests.debug.xcconfig */ = {isa = PBXFileReference; includeInIndex = 1; lastKnownFileType = text.xcconfig; name = "Pods-SpotMapUITests.debug.xcconfig"; path = "Pods/Target Support Files/Pods-SpotMapUITests/Pods-SpotMapUITests.debug.xcconfig"; sourceTree = "<group>"; };
		5A752A6ABE4F4F31D015688F /* Pods-SpotMap.debug.xcconfig */ = {isa = PBXFileReference; includeInIndex = 1; lastKnownFileType = text.xcconfig; name = "Pods-SpotMap.debug.xcconfig"; path = "Pods/Target Support Files/Pods-SpotMap/Pods-SpotMap.debug.xcconfig"; sourceTree = "<group>"; };
		8580589E3175367EF665865F /* Pods-SpotMap.release.xcconfig */ = {isa = PBXFileReference; includeInIndex = 1; lastKnownFileType = text.xcconfig; name = "Pods-SpotMap.release.xcconfig"; path = "Pods/Target Support Files/Pods-SpotMap/Pods-SpotMap.release.xcconfig"; sourceTree = "<group>"; };
		8DC2E8B7664A1FF904F1D3C9 /* Pods_SpotMapTests.framework */ = {isa = PBXFileReference; explicitFileType = wrapper.framework; includeInIndex = 0; path = Pods_SpotMapTests.framework; sourceTree = BUILT_PRODUCTS_DIR; };
		9F4A84321E5F3D8400C1E5F2 /* ButtonPlus.png */ = {isa = PBXFileReference; lastKnownFileType = image.png; name = ButtonPlus.png; path = Pictures/ButtonPlus.png; sourceTree = "<group>"; };
		9F4A84361E5F3ED000C1E5F2 /* ButtonLogout.png */ = {isa = PBXFileReference; lastKnownFileType = image.png; name = ButtonLogout.png; path = Pictures/ButtonLogout.png; sourceTree = "<group>"; };
		9F4A843E1E62F16C00C1E5F2 /* EditProfileController.swift */ = {isa = PBXFileReference; fileEncoding = 4; lastKnownFileType = sourcecode.swift; name = EditProfileController.swift; path = Controllers/EditProfileController.swift; sourceTree = "<group>"; };
		9F4A84401E62F4C100C1E5F2 /* UserProfileController.swift */ = {isa = PBXFileReference; fileEncoding = 4; lastKnownFileType = sourcecode.swift; name = UserProfileController.swift; path = Controllers/UserProfileController.swift; sourceTree = "<group>"; };
		9F4A84421E62F4FB00C1E5F2 /* RidersProfileCollectionViewCell.swift */ = {isa = PBXFileReference; fileEncoding = 4; lastKnownFileType = sourcecode.swift; name = RidersProfileCollectionViewCell.swift; path = CustomUIElements/RidersProfileCollectionViewCell.swift; sourceTree = "<group>"; };
		9F4A84441E62F58700C1E5F2 /* EditProfileCell.swift */ = {isa = PBXFileReference; fileEncoding = 4; lastKnownFileType = sourcecode.swift; name = EditProfileCell.swift; path = CustomUIElements/EditProfileCell.swift; sourceTree = "<group>"; };
		9F65321B1E3CD12700F58C18 /* Assets.xcassets */ = {isa = PBXFileReference; lastKnownFileType = folder.assetcatalog; path = Assets.xcassets; sourceTree = "<group>"; };
		9FB681B21E2E70CE00D9A436 /* SpotMap.app */ = {isa = PBXFileReference; explicitFileType = wrapper.application; includeInIndex = 0; path = SpotMap.app; sourceTree = BUILT_PRODUCTS_DIR; };
		9FB681B51E2E70CE00D9A436 /* AppDelegate.swift */ = {isa = PBXFileReference; lastKnownFileType = sourcecode.swift; path = AppDelegate.swift; sourceTree = "<group>"; };
		9FB681BF1E2E70CE00D9A436 /* Base */ = {isa = PBXFileReference; lastKnownFileType = file.storyboard; name = Base; path = Base.lproj/LaunchScreen.storyboard; sourceTree = "<group>"; };
		9FB681C11E2E70CE00D9A436 /* Info.plist */ = {isa = PBXFileReference; lastKnownFileType = text.plist.xml; path = Info.plist; sourceTree = "<group>"; };
		9FB681C61E2E70CE00D9A436 /* SpotMapTests.xctest */ = {isa = PBXFileReference; explicitFileType = wrapper.cfbundle; includeInIndex = 0; path = SpotMapTests.xctest; sourceTree = BUILT_PRODUCTS_DIR; };
		9FB681CA1E2E70CE00D9A436 /* SpotMapTests.swift */ = {isa = PBXFileReference; lastKnownFileType = sourcecode.swift; path = SpotMapTests.swift; sourceTree = "<group>"; };
		9FB681CC1E2E70CE00D9A436 /* Info.plist */ = {isa = PBXFileReference; lastKnownFileType = text.plist.xml; path = Info.plist; sourceTree = "<group>"; };
		9FB681D11E2E70CE00D9A436 /* SpotMapUITests.xctest */ = {isa = PBXFileReference; explicitFileType = wrapper.cfbundle; includeInIndex = 0; path = SpotMapUITests.xctest; sourceTree = BUILT_PRODUCTS_DIR; };
		9FB681D51E2E70CE00D9A436 /* SpotMapUITests.swift */ = {isa = PBXFileReference; lastKnownFileType = sourcecode.swift; path = SpotMapUITests.swift; sourceTree = "<group>"; };
		9FB681D71E2E70CE00D9A436 /* Info.plist */ = {isa = PBXFileReference; lastKnownFileType = text.plist.xml; path = Info.plist; sourceTree = "<group>"; };
		9FC14FC91E48E5E30097579B /* LoginController.swift */ = {isa = PBXFileReference; fileEncoding = 4; lastKnownFileType = sourcecode.swift; name = LoginController.swift; path = Controllers/LoginController.swift; sourceTree = "<group>"; };
		9FC14FCA1E48E5E30097579B /* MainFormController.swift */ = {isa = PBXFileReference; fileEncoding = 4; lastKnownFileType = sourcecode.swift; name = MainFormController.swift; path = Controllers/MainFormController.swift; sourceTree = "<group>"; };
		9FC14FCB1E48E5E30097579B /* NewPostController.swift */ = {isa = PBXFileReference; fileEncoding = 4; lastKnownFileType = sourcecode.swift; name = NewPostController.swift; path = Controllers/NewPostController.swift; sourceTree = "<group>"; };
		9FC14FCC1E48E5E30097579B /* NewSpotController.swift */ = {isa = PBXFileReference; fileEncoding = 4; lastKnownFileType = sourcecode.swift; name = NewSpotController.swift; path = Controllers/NewSpotController.swift; sourceTree = "<group>"; };
		9FC14FCD1E48E5E30097579B /* RegistrationController.swift */ = {isa = PBXFileReference; fileEncoding = 4; lastKnownFileType = sourcecode.swift; name = RegistrationController.swift; path = Controllers/RegistrationController.swift; sourceTree = "<group>"; };
		9FC14FCE1E48E5E30097579B /* SpotDetailsController.swift */ = {isa = PBXFileReference; fileEncoding = 4; lastKnownFileType = sourcecode.swift; name = SpotDetailsController.swift; path = Controllers/SpotDetailsController.swift; sourceTree = "<group>"; };
		9FC14FD51E48E7300097579B /* plus-512.gif */ = {isa = PBXFileReference; lastKnownFileType = image.gif; name = "plus-512.gif"; path = "Pictures/plus-512.gif"; sourceTree = "<group>"; };
		9FC14FD81E48E7510097579B /* SpotPostsCellCache.swift */ = {isa = PBXFileReference; fileEncoding = 4; lastKnownFileType = sourcecode.swift; name = SpotPostsCellCache.swift; path = Core/SpotPostsCellCache.swift; sourceTree = "<group>"; };
		9FC14FDB1E48E7690097579B /* CustomPin.swift */ = {isa = PBXFileReference; fileEncoding = 4; lastKnownFileType = sourcecode.swift; name = CustomPin.swift; path = CustomUIElements/CustomPin.swift; sourceTree = "<group>"; };
		9FC14FDD1E48E7690097579B /* SpotPostsCell.swift */ = {isa = PBXFileReference; fileEncoding = 4; lastKnownFileType = sourcecode.swift; name = SpotPostsCell.swift; path = CustomUIElements/SpotPostsCell.swift; sourceTree = "<group>"; };
		9FC14FE11E48E7790097579B /* LoggedInUser.swift */ = {isa = PBXFileReference; fileEncoding = 4; lastKnownFileType = sourcecode.swift; name = LoggedInUser.swift; path = Data/LoggedInUser.swift; sourceTree = "<group>"; };
		9FC14FE21E48E7790097579B /* PostLike.swift */ = {isa = PBXFileReference; fileEncoding = 4; lastKnownFileType = sourcecode.swift; name = PostLike.swift; path = Data/PostLike.swift; sourceTree = "<group>"; };
		9FC14FE31E48E7790097579B /* SpotDetails.swift */ = {isa = PBXFileReference; fileEncoding = 4; lastKnownFileType = sourcecode.swift; name = SpotDetails.swift; path = Data/SpotDetails.swift; sourceTree = "<group>"; };
		9FC14FE41E48E7790097579B /* SpotPost.swift */ = {isa = PBXFileReference; fileEncoding = 4; lastKnownFileType = sourcecode.swift; name = SpotPost.swift; path = Data/SpotPost.swift; sourceTree = "<group>"; };
		9FD648D31E54587800C673CA /* RidersProfileController.swift */ = {isa = PBXFileReference; fileEncoding = 4; lastKnownFileType = sourcecode.swift; name = RidersProfileController.swift; path = Controllers/RidersProfileController.swift; sourceTree = "<group>"; };
		9FD648D51E54745100C673CA /* Users.swift */ = {isa = PBXFileReference; fileEncoding = 4; lastKnownFileType = sourcecode.swift; name = Users.swift; path = Data/Users.swift; sourceTree = "<group>"; };
		9FD648DB1E573F0600C673CA /* Main.storyboard */ = {isa = PBXFileReference; fileEncoding = 4; lastKnownFileType = file.storyboard; path = Main.storyboard; sourceTree = "<group>"; };
		9FD648DD1E57C1A100C673CA /* PostInfoViewController.swift */ = {isa = PBXFileReference; fileEncoding = 4; lastKnownFileType = sourcecode.swift; name = PostInfoViewController.swift; path = Controllers/PostInfoViewController.swift; sourceTree = "<group>"; };
		C951A5B7F97A865607FB2FE0 /* Pods-SpotMapTests.release.xcconfig */ = {isa = PBXFileReference; includeInIndex = 1; lastKnownFileType = text.xcconfig; name = "Pods-SpotMapTests.release.xcconfig"; path = "Pods/Target Support Files/Pods-SpotMapTests/Pods-SpotMapTests.release.xcconfig"; sourceTree = "<group>"; };
/* End PBXFileReference section */

/* Begin PBXFrameworksBuildPhase section */
		9FB681AF1E2E70CD00D9A436 /* Frameworks */ = {
			isa = PBXFrameworksBuildPhase;
			buildActionMask = 2147483647;
			files = (
				AFCFACF65E8F27FB2D21FBFE /* Pods_SpotMap.framework in Frameworks */,
			);
			runOnlyForDeploymentPostprocessing = 0;
		};
		9FB681C31E2E70CE00D9A436 /* Frameworks */ = {
			isa = PBXFrameworksBuildPhase;
			buildActionMask = 2147483647;
			files = (
				731AD27307E50B3192B4422B /* Pods_SpotMapTests.framework in Frameworks */,
			);
			runOnlyForDeploymentPostprocessing = 0;
		};
		9FB681CE1E2E70CE00D9A436 /* Frameworks */ = {
			isa = PBXFrameworksBuildPhase;
			buildActionMask = 2147483647;
			files = (
				7E70B15F5DAC197C3216DA6E /* Pods_SpotMapUITests.framework in Frameworks */,
			);
			runOnlyForDeploymentPostprocessing = 0;
		};
/* End PBXFrameworksBuildPhase section */

/* Begin PBXGroup section */
		7ED1CDD97CD568D69F05C5BA /* Frameworks */ = {
			isa = PBXGroup;
			children = (
				3E9F13B08B134BD527AC18F2 /* Pods_SpotMap.framework */,
				8DC2E8B7664A1FF904F1D3C9 /* Pods_SpotMapTests.framework */,
				36EFE0AF727D03D36C374021 /* Pods_SpotMapUITests.framework */,
			);
			name = Frameworks;
			sourceTree = "<group>";
		};
		9F113EB71E32A4D3009AF9FD /* Data */ = {
			isa = PBXGroup;
			children = (
				9FC14FE11E48E7790097579B /* LoggedInUser.swift */,
				9FC14FE21E48E7790097579B /* PostLike.swift */,
				9FC14FE31E48E7790097579B /* SpotDetails.swift */,
				9FC14FE41E48E7790097579B /* SpotPost.swift */,
				9FD648D51E54745100C673CA /* Users.swift */,
			);
			name = Data;
			sourceTree = "<group>";
		};
		9F2380721E34DA20009D41E8 /* Pictures */ = {
			isa = PBXGroup;
			children = (
				9F4A84361E5F3ED000C1E5F2 /* ButtonLogout.png */,
				9F4A84321E5F3D8400C1E5F2 /* ButtonPlus.png */,
				9FC14FD51E48E7300097579B /* plus-512.gif */,
			);
			name = Pictures;
			sourceTree = "<group>";
		};
		9FB681A91E2E70CD00D9A436 = {
			isa = PBXGroup;
			children = (
				9FB681B41E2E70CE00D9A436 /* SpotMap */,
				9FB681C91E2E70CE00D9A436 /* SpotMapTests */,
				9FB681D41E2E70CE00D9A436 /* SpotMapUITests */,
				9FB681B31E2E70CE00D9A436 /* Products */,
				CF90D077CFC09096E77DE243 /* Pods */,
				7ED1CDD97CD568D69F05C5BA /* Frameworks */,
			);
			sourceTree = "<group>";
		};
		9FB681B31E2E70CE00D9A436 /* Products */ = {
			isa = PBXGroup;
			children = (
				9FB681B21E2E70CE00D9A436 /* SpotMap.app */,
				9FB681C61E2E70CE00D9A436 /* SpotMapTests.xctest */,
				9FB681D11E2E70CE00D9A436 /* SpotMapUITests.xctest */,
			);
			name = Products;
			sourceTree = "<group>";
		};
		9FB681B41E2E70CE00D9A436 /* SpotMap */ = {
			isa = PBXGroup;
			children = (
				9FC14FDA1E48E7590097579B /* CustomUIElements */,
				9FC14FD71E48E7380097579B /* Core */,
				9FC14FC61E48E5CB0097579B /* Controllers */,
				9F2380721E34DA20009D41E8 /* Pictures */,
				9F113EB71E32A4D3009AF9FD /* Data */,
				9FB681B51E2E70CE00D9A436 /* AppDelegate.swift */,
				9FD648DB1E573F0600C673CA /* Main.storyboard */,
				9F65321B1E3CD12700F58C18 /* Assets.xcassets */,
				9FB681BE1E2E70CE00D9A436 /* LaunchScreen.storyboard */,
				9FB681C11E2E70CE00D9A436 /* Info.plist */,
			);
			path = SpotMap;
			sourceTree = "<group>";
		};
		9FB681C91E2E70CE00D9A436 /* SpotMapTests */ = {
			isa = PBXGroup;
			children = (
				9FB681CA1E2E70CE00D9A436 /* SpotMapTests.swift */,
				9FB681CC1E2E70CE00D9A436 /* Info.plist */,
			);
			path = SpotMapTests;
			sourceTree = "<group>";
		};
		9FB681D41E2E70CE00D9A436 /* SpotMapUITests */ = {
			isa = PBXGroup;
			children = (
				9FB681D51E2E70CE00D9A436 /* SpotMapUITests.swift */,
				9FB681D71E2E70CE00D9A436 /* Info.plist */,
			);
			path = SpotMapUITests;
			sourceTree = "<group>";
		};
		9FC14FC61E48E5CB0097579B /* Controllers */ = {
			isa = PBXGroup;
			children = (
				9FC14FC91E48E5E30097579B /* LoginController.swift */,
				9FC14FCA1E48E5E30097579B /* MainFormController.swift */,
				9FC14FCB1E48E5E30097579B /* NewPostController.swift */,
				9FC14FCC1E48E5E30097579B /* NewSpotController.swift */,
				9FC14FCD1E48E5E30097579B /* RegistrationController.swift */,
				9FC14FCE1E48E5E30097579B /* SpotDetailsController.swift */,
				9FD648D31E54587800C673CA /* RidersProfileController.swift */,
				9FD648DD1E57C1A100C673CA /* PostInfoViewController.swift */,
				9F4A84401E62F4C100C1E5F2 /* UserProfileController.swift */,
				9F4A843E1E62F16C00C1E5F2 /* EditProfileController.swift */,
			);
			name = Controllers;
			sourceTree = "<group>";
		};
		9FC14FD71E48E7380097579B /* Core */ = {
			isa = PBXGroup;
			children = (
				9FC14FD81E48E7510097579B /* SpotPostsCellCache.swift */,
			);
			name = Core;
			sourceTree = "<group>";
		};
		9FC14FDA1E48E7590097579B /* CustomUIElements */ = {
			isa = PBXGroup;
			children = (
				9F4A84421E62F4FB00C1E5F2 /* RidersProfileCollectionViewCell.swift */,
				9FC14FDB1E48E7690097579B /* CustomPin.swift */,
				9FC14FDD1E48E7690097579B /* SpotPostsCell.swift */,
				9F4A84441E62F58700C1E5F2 /* EditProfileCell.swift */,
			);
			name = CustomUIElements;
			sourceTree = "<group>";
		};
		CF90D077CFC09096E77DE243 /* Pods */ = {
			isa = PBXGroup;
			children = (
				5A752A6ABE4F4F31D015688F /* Pods-SpotMap.debug.xcconfig */,
				8580589E3175367EF665865F /* Pods-SpotMap.release.xcconfig */,
				457C1210DCD309EF27E34E6D /* Pods-SpotMapTests.debug.xcconfig */,
				C951A5B7F97A865607FB2FE0 /* Pods-SpotMapTests.release.xcconfig */,
				48E9C9E26DA909E14DE43D03 /* Pods-SpotMapUITests.debug.xcconfig */,
				0CC49846815FAA415F97412D /* Pods-SpotMapUITests.release.xcconfig */,
			);
			name = Pods;
			sourceTree = "<group>";
		};
/* End PBXGroup section */

/* Begin PBXNativeTarget section */
		9FB681B11E2E70CD00D9A436 /* SpotMap */ = {
			isa = PBXNativeTarget;
			buildConfigurationList = 9FB681DA1E2E70CE00D9A436 /* Build configuration list for PBXNativeTarget "SpotMap" */;
			buildPhases = (
				DA398A463813291B7027ADD8 /* [CP] Check Pods Manifest.lock */,
				9FB681AE1E2E70CD00D9A436 /* Sources */,
				9FB681AF1E2E70CD00D9A436 /* Frameworks */,
				9FB681B01E2E70CD00D9A436 /* Resources */,
				FDB9AE72B71986345285DC92 /* [CP] Embed Pods Frameworks */,
				6194BFCE891A03A80D7AFCF7 /* [CP] Copy Pods Resources */,
				9FD648D21E5351F300C673CA /* ShellScript */,
			);
			buildRules = (
			);
			dependencies = (
			);
			name = SpotMap;
			productName = SpotMap;
			productReference = 9FB681B21E2E70CE00D9A436 /* SpotMap.app */;
			productType = "com.apple.product-type.application";
		};
		9FB681C51E2E70CE00D9A436 /* SpotMapTests */ = {
			isa = PBXNativeTarget;
			buildConfigurationList = 9FB681DD1E2E70CE00D9A436 /* Build configuration list for PBXNativeTarget "SpotMapTests" */;
			buildPhases = (
				1C41BC54C08428FD4FD55A22 /* [CP] Check Pods Manifest.lock */,
				9FB681C21E2E70CE00D9A436 /* Sources */,
				9FB681C31E2E70CE00D9A436 /* Frameworks */,
				9FB681C41E2E70CE00D9A436 /* Resources */,
				E45DE6A7D2DD7B794F20C729 /* [CP] Embed Pods Frameworks */,
				02860C499285326A5B2BD8BD /* [CP] Copy Pods Resources */,
			);
			buildRules = (
			);
			dependencies = (
				9FB681C81E2E70CE00D9A436 /* PBXTargetDependency */,
			);
			name = SpotMapTests;
			productName = SpotMapTests;
			productReference = 9FB681C61E2E70CE00D9A436 /* SpotMapTests.xctest */;
			productType = "com.apple.product-type.bundle.unit-test";
		};
		9FB681D01E2E70CE00D9A436 /* SpotMapUITests */ = {
			isa = PBXNativeTarget;
			buildConfigurationList = 9FB681E01E2E70CE00D9A436 /* Build configuration list for PBXNativeTarget "SpotMapUITests" */;
			buildPhases = (
				EAAB91DC5C94139048EDDCE8 /* [CP] Check Pods Manifest.lock */,
				9FB681CD1E2E70CE00D9A436 /* Sources */,
				9FB681CE1E2E70CE00D9A436 /* Frameworks */,
				9FB681CF1E2E70CE00D9A436 /* Resources */,
				1D720243FBFD10A721DD8316 /* [CP] Embed Pods Frameworks */,
				370F51D9C2AB52A49BB8F2F8 /* [CP] Copy Pods Resources */,
			);
			buildRules = (
			);
			dependencies = (
				9FB681D31E2E70CE00D9A436 /* PBXTargetDependency */,
			);
			name = SpotMapUITests;
			productName = SpotMapUITests;
			productReference = 9FB681D11E2E70CE00D9A436 /* SpotMapUITests.xctest */;
			productType = "com.apple.product-type.bundle.ui-testing";
		};
/* End PBXNativeTarget section */

/* Begin PBXProject section */
		9FB681AA1E2E70CD00D9A436 /* Project object */ = {
			isa = PBXProject;
			attributes = {
				LastSwiftUpdateCheck = 0820;
				LastUpgradeCheck = 0820;
				ORGANIZATIONNAME = "Владислав Пуличев";
				TargetAttributes = {
					9FB681B11E2E70CD00D9A436 = {
						CreatedOnToolsVersion = 8.2.1;
						DevelopmentTeam = D8RV5S3P38;
						ProvisioningStyle = Automatic;
					};
					9FB681C51E2E70CE00D9A436 = {
						CreatedOnToolsVersion = 8.2.1;
						DevelopmentTeam = D8RV5S3P38;
						ProvisioningStyle = Automatic;
						TestTargetID = 9FB681B11E2E70CD00D9A436;
					};
					9FB681D01E2E70CE00D9A436 = {
						CreatedOnToolsVersion = 8.2.1;
						DevelopmentTeam = D8RV5S3P38;
						ProvisioningStyle = Automatic;
						TestTargetID = 9FB681B11E2E70CD00D9A436;
					};
				};
			};
			buildConfigurationList = 9FB681AD1E2E70CD00D9A436 /* Build configuration list for PBXProject "SpotMap" */;
			compatibilityVersion = "Xcode 3.2";
			developmentRegion = English;
			hasScannedForEncodings = 0;
			knownRegions = (
				en,
				Base,
			);
			mainGroup = 9FB681A91E2E70CD00D9A436;
			productRefGroup = 9FB681B31E2E70CE00D9A436 /* Products */;
			projectDirPath = "";
			projectRoot = "";
			targets = (
				9FB681B11E2E70CD00D9A436 /* SpotMap */,
				9FB681C51E2E70CE00D9A436 /* SpotMapTests */,
				9FB681D01E2E70CE00D9A436 /* SpotMapUITests */,
			);
		};
/* End PBXProject section */

/* Begin PBXResourcesBuildPhase section */
		9FB681B01E2E70CD00D9A436 /* Resources */ = {
			isa = PBXResourcesBuildPhase;
			buildActionMask = 2147483647;
			files = (
				9FB681C01E2E70CE00D9A436 /* LaunchScreen.storyboard in Resources */,
				9F4A84371E5F3ED000C1E5F2 /* ButtonLogout.png in Resources */,
				9FC14FD61E48E7300097579B /* plus-512.gif in Resources */,
				9F65321C1E3CD12700F58C18 /* Assets.xcassets in Resources */,
				9FD648DC1E573F0600C673CA /* Main.storyboard in Resources */,
				9F4A84331E5F3D8400C1E5F2 /* ButtonPlus.png in Resources */,
			);
			runOnlyForDeploymentPostprocessing = 0;
		};
		9FB681C41E2E70CE00D9A436 /* Resources */ = {
			isa = PBXResourcesBuildPhase;
			buildActionMask = 2147483647;
			files = (
			);
			runOnlyForDeploymentPostprocessing = 0;
		};
		9FB681CF1E2E70CE00D9A436 /* Resources */ = {
			isa = PBXResourcesBuildPhase;
			buildActionMask = 2147483647;
			files = (
			);
			runOnlyForDeploymentPostprocessing = 0;
		};
/* End PBXResourcesBuildPhase section */

/* Begin PBXShellScriptBuildPhase section */
		02860C499285326A5B2BD8BD /* [CP] Copy Pods Resources */ = {
			isa = PBXShellScriptBuildPhase;
			buildActionMask = 2147483647;
			files = (
			);
			inputPaths = (
			);
			name = "[CP] Copy Pods Resources";
			outputPaths = (
			);
			runOnlyForDeploymentPostprocessing = 0;
			shellPath = /bin/sh;
			shellScript = "\"${SRCROOT}/Pods/Target Support Files/Pods-SpotMapTests/Pods-SpotMapTests-resources.sh\"\n";
			showEnvVarsInLog = 0;
		};
		1C41BC54C08428FD4FD55A22 /* [CP] Check Pods Manifest.lock */ = {
			isa = PBXShellScriptBuildPhase;
			buildActionMask = 2147483647;
			files = (
			);
			inputPaths = (
			);
			name = "[CP] Check Pods Manifest.lock";
			outputPaths = (
			);
			runOnlyForDeploymentPostprocessing = 0;
			shellPath = /bin/sh;
			shellScript = "diff \"${PODS_ROOT}/../Podfile.lock\" \"${PODS_ROOT}/Manifest.lock\" > /dev/null\nif [ $? != 0 ] ; then\n    # print error to STDERR\n    echo \"error: The sandbox is not in sync with the Podfile.lock. Run 'pod install' or update your CocoaPods installation.\" >&2\n    exit 1\nfi\n";
			showEnvVarsInLog = 0;
		};
		1D720243FBFD10A721DD8316 /* [CP] Embed Pods Frameworks */ = {
			isa = PBXShellScriptBuildPhase;
			buildActionMask = 2147483647;
			files = (
			);
			inputPaths = (
			);
			name = "[CP] Embed Pods Frameworks";
			outputPaths = (
			);
			runOnlyForDeploymentPostprocessing = 0;
			shellPath = /bin/sh;
			shellScript = "\"${SRCROOT}/Pods/Target Support Files/Pods-SpotMapUITests/Pods-SpotMapUITests-frameworks.sh\"\n";
			showEnvVarsInLog = 0;
		};
		370F51D9C2AB52A49BB8F2F8 /* [CP] Copy Pods Resources */ = {
			isa = PBXShellScriptBuildPhase;
			buildActionMask = 2147483647;
			files = (
			);
			inputPaths = (
			);
			name = "[CP] Copy Pods Resources";
			outputPaths = (
			);
			runOnlyForDeploymentPostprocessing = 0;
			shellPath = /bin/sh;
			shellScript = "\"${SRCROOT}/Pods/Target Support Files/Pods-SpotMapUITests/Pods-SpotMapUITests-resources.sh\"\n";
			showEnvVarsInLog = 0;
		};
		6194BFCE891A03A80D7AFCF7 /* [CP] Copy Pods Resources */ = {
			isa = PBXShellScriptBuildPhase;
			buildActionMask = 2147483647;
			files = (
			);
			inputPaths = (
			);
			name = "[CP] Copy Pods Resources";
			outputPaths = (
			);
			runOnlyForDeploymentPostprocessing = 0;
			shellPath = /bin/sh;
			shellScript = "\"${SRCROOT}/Pods/Target Support Files/Pods-SpotMap/Pods-SpotMap-resources.sh\"\n";
			showEnvVarsInLog = 0;
		};
		9FD648D21E5351F300C673CA /* ShellScript */ = {
			isa = PBXShellScriptBuildPhase;
			buildActionMask = 2147483647;
			files = (
			);
			inputPaths = (
			);
			outputPaths = (
			);
			runOnlyForDeploymentPostprocessing = 0;
			shellPath = /bin/sh;
			shellScript = "#if which swiftlint >/dev/null; then\n#swiftlint\n#else\n#echo \"error: SwiftLint does not exist, download it from https://github.com/realm/SwiftLint\"\n#exit 1\n#fi";
			showEnvVarsInLog = 0;
		};
		DA398A463813291B7027ADD8 /* [CP] Check Pods Manifest.lock */ = {
			isa = PBXShellScriptBuildPhase;
			buildActionMask = 2147483647;
			files = (
			);
			inputPaths = (
			);
			name = "[CP] Check Pods Manifest.lock";
			outputPaths = (
			);
			runOnlyForDeploymentPostprocessing = 0;
			shellPath = /bin/sh;
			shellScript = "diff \"${PODS_ROOT}/../Podfile.lock\" \"${PODS_ROOT}/Manifest.lock\" > /dev/null\nif [ $? != 0 ] ; then\n    # print error to STDERR\n    echo \"error: The sandbox is not in sync with the Podfile.lock. Run 'pod install' or update your CocoaPods installation.\" >&2\n    exit 1\nfi\n";
			showEnvVarsInLog = 0;
		};
		E45DE6A7D2DD7B794F20C729 /* [CP] Embed Pods Frameworks */ = {
			isa = PBXShellScriptBuildPhase;
			buildActionMask = 2147483647;
			files = (
			);
			inputPaths = (
			);
			name = "[CP] Embed Pods Frameworks";
			outputPaths = (
			);
			runOnlyForDeploymentPostprocessing = 0;
			shellPath = /bin/sh;
			shellScript = "\"${SRCROOT}/Pods/Target Support Files/Pods-SpotMapTests/Pods-SpotMapTests-frameworks.sh\"\n";
			showEnvVarsInLog = 0;
		};
		EAAB91DC5C94139048EDDCE8 /* [CP] Check Pods Manifest.lock */ = {
			isa = PBXShellScriptBuildPhase;
			buildActionMask = 2147483647;
			files = (
			);
			inputPaths = (
			);
			name = "[CP] Check Pods Manifest.lock";
			outputPaths = (
			);
			runOnlyForDeploymentPostprocessing = 0;
			shellPath = /bin/sh;
			shellScript = "diff \"${PODS_ROOT}/../Podfile.lock\" \"${PODS_ROOT}/Manifest.lock\" > /dev/null\nif [ $? != 0 ] ; then\n    # print error to STDERR\n    echo \"error: The sandbox is not in sync with the Podfile.lock. Run 'pod install' or update your CocoaPods installation.\" >&2\n    exit 1\nfi\n";
			showEnvVarsInLog = 0;
		};
		FDB9AE72B71986345285DC92 /* [CP] Embed Pods Frameworks */ = {
			isa = PBXShellScriptBuildPhase;
			buildActionMask = 2147483647;
			files = (
			);
			inputPaths = (
			);
			name = "[CP] Embed Pods Frameworks";
			outputPaths = (
			);
			runOnlyForDeploymentPostprocessing = 0;
			shellPath = /bin/sh;
			shellScript = "\"${SRCROOT}/Pods/Target Support Files/Pods-SpotMap/Pods-SpotMap-frameworks.sh\"\n";
			showEnvVarsInLog = 0;
		};
/* End PBXShellScriptBuildPhase section */

/* Begin PBXSourcesBuildPhase section */
		9FB681AE1E2E70CD00D9A436 /* Sources */ = {
			isa = PBXSourcesBuildPhase;
			buildActionMask = 2147483647;
			files = (
				9FC14FE71E48E7790097579B /* SpotDetails.swift in Sources */,
				9F4A843F1E62F16C00C1E5F2 /* EditProfileController.swift in Sources */,
				9FC14FE81E48E7790097579B /* SpotPost.swift in Sources */,
				9FC14FE61E48E7790097579B /* PostLike.swift in Sources */,
				9FC14FD41E48E5E30097579B /* SpotDetailsController.swift in Sources */,
				9FC14FE01E48E7690097579B /* SpotPostsCell.swift in Sources */,
				9FD648DE1E57C1A100C673CA /* PostInfoViewController.swift in Sources */,
				9FC14FCF1E48E5E30097579B /* LoginController.swift in Sources */,
				9FB681B61E2E70CE00D9A436 /* AppDelegate.swift in Sources */,
				9F4A84451E62F58700C1E5F2 /* EditProfileCell.swift in Sources */,
				9FC14FD01E48E5E30097579B /* MainFormController.swift in Sources */,
				9F4A84411E62F4C100C1E5F2 /* UserProfileController.swift in Sources */,
				9FD648D61E54745100C673CA /* Users.swift in Sources */,
				9FC14FE51E48E7790097579B /* LoggedInUser.swift in Sources */,
				9F4A84431E62F4FB00C1E5F2 /* RidersProfileCollectionViewCell.swift in Sources */,
				9FC14FD21E48E5E30097579B /* NewSpotController.swift in Sources */,
				9FC14FD11E48E5E30097579B /* NewPostController.swift in Sources */,
				9FD648D41E54587800C673CA /* RidersProfileController.swift in Sources */,
				9FC14FDE1E48E7690097579B /* CustomPin.swift in Sources */,
				9FC14FD91E48E7510097579B /* SpotPostsCellCache.swift in Sources */,
				9FC14FD31E48E5E30097579B /* RegistrationController.swift in Sources */,
			);
			runOnlyForDeploymentPostprocessing = 0;
		};
		9FB681C21E2E70CE00D9A436 /* Sources */ = {
			isa = PBXSourcesBuildPhase;
			buildActionMask = 2147483647;
			files = (
				9FB681CB1E2E70CE00D9A436 /* SpotMapTests.swift in Sources */,
			);
			runOnlyForDeploymentPostprocessing = 0;
		};
		9FB681CD1E2E70CE00D9A436 /* Sources */ = {
			isa = PBXSourcesBuildPhase;
			buildActionMask = 2147483647;
			files = (
				9FB681D61E2E70CE00D9A436 /* SpotMapUITests.swift in Sources */,
			);
			runOnlyForDeploymentPostprocessing = 0;
		};
/* End PBXSourcesBuildPhase section */

/* Begin PBXTargetDependency section */
		9FB681C81E2E70CE00D9A436 /* PBXTargetDependency */ = {
			isa = PBXTargetDependency;
			target = 9FB681B11E2E70CD00D9A436 /* SpotMap */;
			targetProxy = 9FB681C71E2E70CE00D9A436 /* PBXContainerItemProxy */;
		};
		9FB681D31E2E70CE00D9A436 /* PBXTargetDependency */ = {
			isa = PBXTargetDependency;
			target = 9FB681B11E2E70CD00D9A436 /* SpotMap */;
			targetProxy = 9FB681D21E2E70CE00D9A436 /* PBXContainerItemProxy */;
		};
/* End PBXTargetDependency section */

/* Begin PBXVariantGroup section */
		9FB681BE1E2E70CE00D9A436 /* LaunchScreen.storyboard */ = {
			isa = PBXVariantGroup;
			children = (
				9FB681BF1E2E70CE00D9A436 /* Base */,
			);
			name = LaunchScreen.storyboard;
			sourceTree = "<group>";
		};
/* End PBXVariantGroup section */

/* Begin XCBuildConfiguration section */
		9FB681D81E2E70CE00D9A436 /* Debug */ = {
			isa = XCBuildConfiguration;
			buildSettings = {
				ALWAYS_SEARCH_USER_PATHS = NO;
				CLANG_ANALYZER_NONNULL = YES;
				CLANG_CXX_LANGUAGE_STANDARD = "gnu++0x";
				CLANG_CXX_LIBRARY = "libc++";
				CLANG_ENABLE_MODULES = YES;
				CLANG_ENABLE_OBJC_ARC = YES;
				CLANG_WARN_BOOL_CONVERSION = YES;
				CLANG_WARN_CONSTANT_CONVERSION = YES;
				CLANG_WARN_DIRECT_OBJC_ISA_USAGE = YES_ERROR;
				CLANG_WARN_DOCUMENTATION_COMMENTS = YES;
				CLANG_WARN_EMPTY_BODY = YES;
				CLANG_WARN_ENUM_CONVERSION = YES;
				CLANG_WARN_INFINITE_RECURSION = YES;
				CLANG_WARN_INT_CONVERSION = YES;
				CLANG_WARN_OBJC_ROOT_CLASS = YES_ERROR;
				CLANG_WARN_SUSPICIOUS_MOVE = YES;
				CLANG_WARN_UNREACHABLE_CODE = YES;
				CLANG_WARN__DUPLICATE_METHOD_MATCH = YES;
				"CODE_SIGN_IDENTITY[sdk=iphoneos*]" = "iPhone Developer";
				COPY_PHASE_STRIP = NO;
				DEBUG_INFORMATION_FORMAT = dwarf;
				ENABLE_STRICT_OBJC_MSGSEND = YES;
				ENABLE_TESTABILITY = YES;
				GCC_C_LANGUAGE_STANDARD = gnu99;
				GCC_DYNAMIC_NO_PIC = NO;
				GCC_NO_COMMON_BLOCKS = YES;
				GCC_OPTIMIZATION_LEVEL = 0;
				GCC_PREPROCESSOR_DEFINITIONS = (
					"DEBUG=1",
					"$(inherited)",
				);
				GCC_WARN_64_TO_32_BIT_CONVERSION = YES;
				GCC_WARN_ABOUT_RETURN_TYPE = YES_ERROR;
				GCC_WARN_UNDECLARED_SELECTOR = YES;
				GCC_WARN_UNINITIALIZED_AUTOS = YES_AGGRESSIVE;
				GCC_WARN_UNUSED_FUNCTION = YES;
				GCC_WARN_UNUSED_VARIABLE = YES;
				IPHONEOS_DEPLOYMENT_TARGET = 10.2;
				MTL_ENABLE_DEBUG_INFO = YES;
				ONLY_ACTIVE_ARCH = YES;
				SDKROOT = iphoneos;
				SWIFT_ACTIVE_COMPILATION_CONDITIONS = DEBUG;
				SWIFT_OPTIMIZATION_LEVEL = "-Onone";
				TARGETED_DEVICE_FAMILY = "1,2";
			};
			name = Debug;
		};
		9FB681D91E2E70CE00D9A436 /* Release */ = {
			isa = XCBuildConfiguration;
			buildSettings = {
				ALWAYS_SEARCH_USER_PATHS = NO;
				CLANG_ANALYZER_NONNULL = YES;
				CLANG_CXX_LANGUAGE_STANDARD = "gnu++0x";
				CLANG_CXX_LIBRARY = "libc++";
				CLANG_ENABLE_MODULES = YES;
				CLANG_ENABLE_OBJC_ARC = YES;
				CLANG_WARN_BOOL_CONVERSION = YES;
				CLANG_WARN_CONSTANT_CONVERSION = YES;
				CLANG_WARN_DIRECT_OBJC_ISA_USAGE = YES_ERROR;
				CLANG_WARN_DOCUMENTATION_COMMENTS = YES;
				CLANG_WARN_EMPTY_BODY = YES;
				CLANG_WARN_ENUM_CONVERSION = YES;
				CLANG_WARN_INFINITE_RECURSION = YES;
				CLANG_WARN_INT_CONVERSION = YES;
				CLANG_WARN_OBJC_ROOT_CLASS = YES_ERROR;
				CLANG_WARN_SUSPICIOUS_MOVE = YES;
				CLANG_WARN_UNREACHABLE_CODE = YES;
				CLANG_WARN__DUPLICATE_METHOD_MATCH = YES;
				"CODE_SIGN_IDENTITY[sdk=iphoneos*]" = "iPhone Developer";
				COPY_PHASE_STRIP = NO;
				DEBUG_INFORMATION_FORMAT = "dwarf-with-dsym";
				ENABLE_NS_ASSERTIONS = NO;
				ENABLE_STRICT_OBJC_MSGSEND = YES;
				GCC_C_LANGUAGE_STANDARD = gnu99;
				GCC_NO_COMMON_BLOCKS = YES;
				GCC_WARN_64_TO_32_BIT_CONVERSION = YES;
				GCC_WARN_ABOUT_RETURN_TYPE = YES_ERROR;
				GCC_WARN_UNDECLARED_SELECTOR = YES;
				GCC_WARN_UNINITIALIZED_AUTOS = YES_AGGRESSIVE;
				GCC_WARN_UNUSED_FUNCTION = YES;
				GCC_WARN_UNUSED_VARIABLE = YES;
				IPHONEOS_DEPLOYMENT_TARGET = 10.2;
				MTL_ENABLE_DEBUG_INFO = NO;
				SDKROOT = iphoneos;
				SWIFT_OPTIMIZATION_LEVEL = "-Owholemodule";
				TARGETED_DEVICE_FAMILY = "1,2";
				VALIDATE_PRODUCT = YES;
			};
			name = Release;
		};
		9FB681DB1E2E70CE00D9A436 /* Debug */ = {
			isa = XCBuildConfiguration;
			baseConfigurationReference = 5A752A6ABE4F4F31D015688F /* Pods-SpotMap.debug.xcconfig */;
			buildSettings = {
				ASSETCATALOG_COMPILER_APPICON_NAME = AppIcon;
				DEVELOPMENT_TEAM = D8RV5S3P38;
				INFOPLIST_FILE = SpotMap/Info.plist;
				LD_RUNPATH_SEARCH_PATHS = "$(inherited) @executable_path/Frameworks";
				PRODUCT_BUNDLE_IDENTIFIER = VP.SpotMap;
				PRODUCT_NAME = "$(TARGET_NAME)";
				"SWIFT_OBJC_BRIDGING_HEADER[arch=*]" = "Pods/Backendless/SDK/ios/backendless/include/Backendless-Bridging-Header.h";
				SWIFT_VERSION = 3.0;
			};
			name = Debug;
		};
		9FB681DC1E2E70CE00D9A436 /* Release */ = {
			isa = XCBuildConfiguration;
			baseConfigurationReference = 8580589E3175367EF665865F /* Pods-SpotMap.release.xcconfig */;
			buildSettings = {
				ASSETCATALOG_COMPILER_APPICON_NAME = AppIcon;
				DEVELOPMENT_TEAM = D8RV5S3P38;
				INFOPLIST_FILE = SpotMap/Info.plist;
				LD_RUNPATH_SEARCH_PATHS = "$(inherited) @executable_path/Frameworks";
				PRODUCT_BUNDLE_IDENTIFIER = VP.SpotMap;
				PRODUCT_NAME = "$(TARGET_NAME)";
				"SWIFT_OBJC_BRIDGING_HEADER[arch=*]" = "Pods/Backendless/SDK/ios/backendless/include/Backendless-Bridging-Header.h";
				SWIFT_VERSION = 3.0;
			};
			name = Release;
		};
		9FB681DE1E2E70CE00D9A436 /* Debug */ = {
			isa = XCBuildConfiguration;
			baseConfigurationReference = 457C1210DCD309EF27E34E6D /* Pods-SpotMapTests.debug.xcconfig */;
			buildSettings = {
				ALWAYS_EMBED_SWIFT_STANDARD_LIBRARIES = YES;
				BUNDLE_LOADER = "$(TEST_HOST)";
				DEVELOPMENT_TEAM = D8RV5S3P38;
				INFOPLIST_FILE = SpotMapTests/Info.plist;
				LD_RUNPATH_SEARCH_PATHS = "$(inherited) @executable_path/Frameworks @loader_path/Frameworks";
				PRODUCT_BUNDLE_IDENTIFIER = VP.SpotMapTests;
				PRODUCT_NAME = "$(TARGET_NAME)";
				SWIFT_VERSION = 3.0;
				TEST_HOST = "$(BUILT_PRODUCTS_DIR)/SpotMap.app/SpotMap";
			};
			name = Debug;
		};
		9FB681DF1E2E70CE00D9A436 /* Release */ = {
			isa = XCBuildConfiguration;
			baseConfigurationReference = C951A5B7F97A865607FB2FE0 /* Pods-SpotMapTests.release.xcconfig */;
			buildSettings = {
				ALWAYS_EMBED_SWIFT_STANDARD_LIBRARIES = YES;
				BUNDLE_LOADER = "$(TEST_HOST)";
				DEVELOPMENT_TEAM = D8RV5S3P38;
				INFOPLIST_FILE = SpotMapTests/Info.plist;
				LD_RUNPATH_SEARCH_PATHS = "$(inherited) @executable_path/Frameworks @loader_path/Frameworks";
				PRODUCT_BUNDLE_IDENTIFIER = VP.SpotMapTests;
				PRODUCT_NAME = "$(TARGET_NAME)";
				SWIFT_VERSION = 3.0;
				TEST_HOST = "$(BUILT_PRODUCTS_DIR)/SpotMap.app/SpotMap";
			};
			name = Release;
		};
		9FB681E11E2E70CE00D9A436 /* Debug */ = {
			isa = XCBuildConfiguration;
			baseConfigurationReference = 48E9C9E26DA909E14DE43D03 /* Pods-SpotMapUITests.debug.xcconfig */;
			buildSettings = {
				ALWAYS_EMBED_SWIFT_STANDARD_LIBRARIES = YES;
				DEVELOPMENT_TEAM = D8RV5S3P38;
				INFOPLIST_FILE = SpotMapUITests/Info.plist;
				LD_RUNPATH_SEARCH_PATHS = "$(inherited) @executable_path/Frameworks @loader_path/Frameworks";
				PRODUCT_BUNDLE_IDENTIFIER = VP.SpotMapUITests;
				PRODUCT_NAME = "$(TARGET_NAME)";
				SWIFT_VERSION = 3.0;
				TEST_TARGET_NAME = SpotMap;
			};
			name = Debug;
		};
		9FB681E21E2E70CE00D9A436 /* Release */ = {
			isa = XCBuildConfiguration;
			baseConfigurationReference = 0CC49846815FAA415F97412D /* Pods-SpotMapUITests.release.xcconfig */;
			buildSettings = {
				ALWAYS_EMBED_SWIFT_STANDARD_LIBRARIES = YES;
				DEVELOPMENT_TEAM = D8RV5S3P38;
				INFOPLIST_FILE = SpotMapUITests/Info.plist;
				LD_RUNPATH_SEARCH_PATHS = "$(inherited) @executable_path/Frameworks @loader_path/Frameworks";
				PRODUCT_BUNDLE_IDENTIFIER = VP.SpotMapUITests;
				PRODUCT_NAME = "$(TARGET_NAME)";
				SWIFT_VERSION = 3.0;
				TEST_TARGET_NAME = SpotMap;
			};
			name = Release;
		};
/* End XCBuildConfiguration section */

/* Begin XCConfigurationList section */
		9FB681AD1E2E70CD00D9A436 /* Build configuration list for PBXProject "SpotMap" */ = {
			isa = XCConfigurationList;
			buildConfigurations = (
				9FB681D81E2E70CE00D9A436 /* Debug */,
				9FB681D91E2E70CE00D9A436 /* Release */,
			);
			defaultConfigurationIsVisible = 0;
			defaultConfigurationName = Release;
		};
		9FB681DA1E2E70CE00D9A436 /* Build configuration list for PBXNativeTarget "SpotMap" */ = {
			isa = XCConfigurationList;
			buildConfigurations = (
				9FB681DB1E2E70CE00D9A436 /* Debug */,
				9FB681DC1E2E70CE00D9A436 /* Release */,
			);
			defaultConfigurationIsVisible = 0;
			defaultConfigurationName = Release;
		};
		9FB681DD1E2E70CE00D9A436 /* Build configuration list for PBXNativeTarget "SpotMapTests" */ = {
			isa = XCConfigurationList;
			buildConfigurations = (
				9FB681DE1E2E70CE00D9A436 /* Debug */,
				9FB681DF1E2E70CE00D9A436 /* Release */,
			);
			defaultConfigurationIsVisible = 0;
			defaultConfigurationName = Release;
		};
		9FB681E01E2E70CE00D9A436 /* Build configuration list for PBXNativeTarget "SpotMapUITests" */ = {
			isa = XCConfigurationList;
			buildConfigurations = (
				9FB681E11E2E70CE00D9A436 /* Debug */,
				9FB681E21E2E70CE00D9A436 /* Release */,
			);
			defaultConfigurationIsVisible = 0;
			defaultConfigurationName = Release;
		};
/* End XCConfigurationList section */
	};
	rootObject = 9FB681AA1E2E70CD00D9A436 /* Project object */;
}
